// !$*UTF8*$!
{
	archiveVersion = 1;
	classes = {
	};
	objectVersion = 46;
	objects = {

/* Begin PBXFileReference section */
		084A71EA1559927900C84756 /* Makefile */ = {isa = PBXFileReference; fileEncoding = 4; lastKnownFileType = sourcecode.make; name = Makefile; path = ../Makefile; sourceTree = "<group>"; };
		084A71EB1559927900C84756 /* rstool.1 */ = {isa = PBXFileReference; fileEncoding = 4; lastKnownFileType = text.man; name = rstool.1; path = ../rstool.1; sourceTree = "<group>"; };
		084A71EC1559927900C84756 /* rstool.cpp */ = {isa = PBXFileReference; fileEncoding = 4; lastKnownFileType = sourcecode.cpp.cpp; name = rstool.cpp; path = ../rstool.cpp; sourceTree = "<group>"; };
		0862BDAF16C40A8C0032C14F /* lrs_additions.cpp */ = {isa = PBXFileReference; fileEncoding = 4; lastKnownFileType = sourcecode.cpp.cpp; name = lrs_additions.cpp; path = ../lrs_additions.cpp; sourceTree = "<group>"; };
		0862BDB016C40A8C0032C14F /* lrs_additions.h */ = {isa = PBXFileReference; fileEncoding = 4; lastKnownFileType = sourcecode.c.h; name = lrs_additions.h; path = ../lrs_additions.h; sourceTree = "<group>"; };
		0862BDB116C40A8C0032C14F /* rstool.h */ = {isa = PBXFileReference; fileEncoding = 4; lastKnownFileType = sourcecode.c.h; name = rstool.h; path = ../rstool.h; sourceTree = "<group>"; };
		088134121885B03A00250D45 /* image_additions.h */ = {isa = PBXFileReference; fileEncoding = 4; lastKnownFileType = sourcecode.c.h; name = image_additions.h; path = ../image_additions.h; sourceTree = "<group>"; };
		088134151885B05B00250D45 /* image_additions.cpp */ = {isa = PBXFileReference; fileEncoding = 4; lastKnownFileType = sourcecode.cpp.cpp; name = image_additions.cpp; path = ../image_additions.cpp; sourceTree = "<group>"; };
		08B809A21AA9E6D100217EE4 /* ordered_set.h */ = {isa = PBXFileReference; fileEncoding = 4; lastKnownFileType = sourcecode.c.h; name = ordered_set.h; path = ../ordered_set.h; sourceTree = "<group>"; };
/* End PBXFileReference section */

/* Begin PBXGroup section */
		084A71DA1559924800C84756 = {
			isa = PBXGroup;
			children = (
				084A71EA1559927900C84756 /* Makefile */,
				084A71EE1559928100C84756 /* docs */,
				08B809A31AA9E6F100217EE4 /* include */,
				08B809A61AA9E7A100217EE4 /* implementation */,
			);
			sourceTree = "<group>";
		};
		084A71EE1559928100C84756 /* docs */ = {
			isa = PBXGroup;
			children = (
				084A71EB1559927900C84756 /* rstool.1 */,
			);
			name = docs;
			sourceTree = "<group>";
		};
		08B809A31AA9E6F100217EE4 /* include */ = {
			isa = PBXGroup;
			children = (
				088134121885B03A00250D45 /* image_additions.h */,
				0862BDB016C40A8C0032C14F /* lrs_additions.h */,
				08B809A21AA9E6D100217EE4 /* ordered_set.h */,
				0862BDB116C40A8C0032C14F /* rstool.h */,
			);
			name = include;
			sourceTree = "<group>";
		};
		08B809A61AA9E7A100217EE4 /* implementation */ = {
			isa = PBXGroup;
			children = (
				088134151885B05B00250D45 /* image_additions.cpp */,
				0862BDAF16C40A8C0032C14F /* lrs_additions.cpp */,
				084A71EC1559927900C84756 /* rstool.cpp */,
			);
			name = implementation;
			sourceTree = "<group>";
		};
/* End PBXGroup section */

/* Begin PBXLegacyTarget section */
		084A71E11559924800C84756 /* rstool */ = {
			isa = PBXLegacyTarget;
			buildArgumentsString = "$(ACTION) $(MAKE_VARS)";
			buildConfigurationList = 084A71E41559924800C84756 /* Build configuration list for PBXLegacyTarget "rstool" */;
			buildPhases = (
			);
			buildToolPath = /usr/bin/make;
			buildWorkingDirectory = ../;
			dependencies = (
			);
			name = rstool;
			passBuildSettingsInEnvironment = 0;
			productName = _rstool;
		};
/* End PBXLegacyTarget section */

/* Begin PBXProject section */
		084A71DC1559924800C84756 /* Project object */ = {
			isa = PBXProject;
			attributes = {
				LastUpgradeCheck = 0610;
			};
			buildConfigurationList = 084A71DF1559924800C84756 /* Build configuration list for PBXProject "rstool" */;
			compatibilityVersion = "Xcode 3.2";
			developmentRegion = English;
			hasScannedForEncodings = 0;
			knownRegions = (
				en,
			);
			mainGroup = 084A71DA1559924800C84756;
			projectDirPath = "";
			projectRoot = "";
			targets = (
				084A71E11559924800C84756 /* rstool */,
			);
		};
/* End PBXProject section */

/* Begin XCBuildConfiguration section */
		084A71E21559924800C84756 /* Debug */ = {
			isa = XCBuildConfiguration;
			buildSettings = {
				CXX = "clang++";
				MAKE_VARS = "CXX=$(CXX) $(DEBUG)";
			};
			name = Debug;
		};
		084A71E31559924800C84756 /* Release */ = {
			isa = XCBuildConfiguration;
			buildSettings = {
				CXX = "clang++";
				MAKE_VARS = "CXX=$(CXX) $(DEBUG)";
			};
			name = Release;
		};
		084A71E51559924800C84756 /* Debug */ = {
			isa = XCBuildConfiguration;
			buildSettings = {
				COMBINE_HIDPI_IMAGES = YES;
			};
			name = Debug;
		};
		084A71E61559924800C84756 /* Release */ = {
			isa = XCBuildConfiguration;
			buildSettings = {
				COMBINE_HIDPI_IMAGES = YES;
			};
			name = Release;
		};
/* End XCBuildConfiguration section */

/* Begin XCConfigurationList section */
		084A71DF1559924800C84756 /* Build configuration list for PBXProject "rstool" */ = {
			isa = XCConfigurationList;
			buildConfigurations = (
				084A71E21559924800C84756 /* Debug */,
				084A71E31559924800C84756 /* Release */,
			);
			defaultConfigurationIsVisible = 0;
			defaultConfigurationName = Release;
		};
		084A71E41559924800C84756 /* Build configuration list for PBXLegacyTarget "rstool" */ = {
			isa = XCConfigurationList;
			buildConfigurations = (
				084A71E51559924800C84756 /* Debug */,
				084A71E61559924800C84756 /* Release */,
			);
			defaultConfigurationIsVisible = 0;
			defaultConfigurationName = Release;
		};
/* End XCConfigurationList section */
	};
	rootObject = 084A71DC1559924800C84756 /* Project object */;
}
