// !$*UTF8*$!
{
	archiveVersion = 1;
	classes = {
	};
	objectVersion = 46;
	objects = {

/* Begin PBXContainerItemProxy section */
		08CFC4761545E00300BA89B2 /* PBXContainerItemProxy */ = {
			isa = PBXContainerItemProxy;
			containerPortal = 08CFC4581545DF2A00BA89B2 /* Project object */;
			proxyType = 1;
			remoteGlobalIDString = 08CFC45D1545DF2B00BA89B2;
			remoteInfo = libbiomeval;
		};
/* End PBXContainerItemProxy section */

/* Begin PBXFileReference section */
		081BCD1B1B41CAD9009E7190 /* be_data_interchange_ansi2004.h */ = {isa = PBXFileReference; fileEncoding = 4; lastKnownFileType = sourcecode.c.h; name = be_data_interchange_ansi2004.h; path = ../src/include/be_data_interchange_ansi2004.h; sourceTree = "<group>"; };
		081BCD1C1B41CAD9009E7190 /* be_mpi_csvdistributor.h */ = {isa = PBXFileReference; fileEncoding = 4; lastKnownFileType = sourcecode.c.h; name = be_mpi_csvdistributor.h; path = ../src/include/be_mpi_csvdistributor.h; sourceTree = "<group>"; };
		081BCD1D1B41CAD9009E7190 /* be_mpi_csvprocessor.h */ = {isa = PBXFileReference; fileEncoding = 4; lastKnownFileType = sourcecode.c.h; name = be_mpi_csvprocessor.h; path = ../src/include/be_mpi_csvprocessor.h; sourceTree = "<group>"; };
		081BCD1E1B41CAD9009E7190 /* be_mpi_csvresources.h */ = {isa = PBXFileReference; fileEncoding = 4; lastKnownFileType = sourcecode.c.h; name = be_mpi_csvresources.h; path = ../src/include/be_mpi_csvresources.h; sourceTree = "<group>"; };
		081BCD1F1B41CB26009E7190 /* be_data_interchange_ansi2004.cpp */ = {isa = PBXFileReference; fileEncoding = 4; lastKnownFileType = sourcecode.cpp.cpp; name = be_data_interchange_ansi2004.cpp; path = ../src/libbiomeval/be_data_interchange_ansi2004.cpp; sourceTree = "<group>"; };
		081BCD201B41CB26009E7190 /* be_mpi_csvdistributor.cpp */ = {isa = PBXFileReference; fileEncoding = 4; lastKnownFileType = sourcecode.cpp.cpp; name = be_mpi_csvdistributor.cpp; path = ../src/libbiomeval/be_mpi_csvdistributor.cpp; sourceTree = "<group>"; };
		081BCD211B41CB26009E7190 /* be_mpi_csvprocessor.cpp */ = {isa = PBXFileReference; fileEncoding = 4; lastKnownFileType = sourcecode.cpp.cpp; name = be_mpi_csvprocessor.cpp; path = ../src/libbiomeval/be_mpi_csvprocessor.cpp; sourceTree = "<group>"; };
		081BCD221B41CB26009E7190 /* be_mpi_csvresources.cpp */ = {isa = PBXFileReference; fileEncoding = 4; lastKnownFileType = sourcecode.cpp.cpp; name = be_mpi_csvresources.cpp; path = ../src/libbiomeval/be_mpi_csvresources.cpp; sourceTree = "<group>"; };
		081BCD231B41CB26009E7190 /* be_video_impl.cpp */ = {isa = PBXFileReference; fileEncoding = 4; lastKnownFileType = sourcecode.cpp.cpp; name = be_video_impl.cpp; path = ../src/libbiomeval/be_video_impl.cpp; sourceTree = "<group>"; };
		081BCD241B41CB26009E7190 /* be_video_impl.h */ = {isa = PBXFileReference; fileEncoding = 4; lastKnownFileType = sourcecode.c.h; name = be_video_impl.h; path = ../src/libbiomeval/be_video_impl.h; sourceTree = "<group>"; };
		081BCD251B41CB26009E7190 /* be_video_stream_impl.cpp */ = {isa = PBXFileReference; fileEncoding = 4; lastKnownFileType = sourcecode.cpp.cpp; name = be_video_stream_impl.cpp; path = ../src/libbiomeval/be_video_stream_impl.cpp; sourceTree = "<group>"; };
		081BCD261B41CB26009E7190 /* be_video_stream_impl.h */ = {isa = PBXFileReference; fileEncoding = 4; lastKnownFileType = sourcecode.c.h; name = be_video_stream_impl.h; path = ../src/libbiomeval/be_video_stream_impl.h; sourceTree = "<group>"; };
		081BCD271B41CB26009E7190 /* be_video_stream.cpp */ = {isa = PBXFileReference; fileEncoding = 4; lastKnownFileType = sourcecode.cpp.cpp; name = be_video_stream.cpp; path = ../src/libbiomeval/be_video_stream.cpp; sourceTree = "<group>"; };
		081BCD2E1B41CBA7009E7190 /* mpitest_csv.sh */ = {isa = PBXFileReference; fileEncoding = 4; lastKnownFileType = text.script.sh; name = mpitest_csv.sh; path = ../src/test/mpitest_csv.sh; sourceTree = "<group>"; };
		081BCD2F1B41CBA7009E7190 /* mpitest_rs.sh */ = {isa = PBXFileReference; fileEncoding = 4; lastKnownFileType = text.script.sh; name = mpitest_rs.sh; path = ../src/test/mpitest_rs.sh; sourceTree = "<group>"; };
		081BCD321B41CBA7009E7190 /* test_be_csv_mpi.cpp */ = {isa = PBXFileReference; fileEncoding = 4; lastKnownFileType = sourcecode.cpp.cpp; name = test_be_csv_mpi.cpp; path = ../src/test/test_be_csv_mpi.cpp; sourceTree = "<group>"; };
		081BCD331B41CBA7009E7190 /* test_be_csv_mpi.h */ = {isa = PBXFileReference; fileEncoding = 4; lastKnownFileType = sourcecode.c.h; name = test_be_csv_mpi.h; path = ../src/test/test_be_csv_mpi.h; sourceTree = "<group>"; };
		081BCD341B41CBA7009E7190 /* test_be_io_filelogcabinet.cpp */ = {isa = PBXFileReference; fileEncoding = 4; lastKnownFileType = sourcecode.cpp.cpp; name = test_be_io_filelogcabinet.cpp; path = ../src/test/test_be_io_filelogcabinet.cpp; sourceTree = "<group>"; };
		081BCD371B41CBA7009E7190 /* test_be_rs_mpi.cpp */ = {isa = PBXFileReference; fileEncoding = 4; lastKnownFileType = sourcecode.cpp.cpp; name = test_be_rs_mpi.cpp; path = ../src/test/test_be_rs_mpi.cpp; sourceTree = "<group>"; };
		081BCD381B41CBA7009E7190 /* test_be_rs_mpi.h */ = {isa = PBXFileReference; fileEncoding = 4; lastKnownFileType = sourcecode.c.h; name = test_be_rs_mpi.h; path = ../src/test/test_be_rs_mpi.h; sourceTree = "<group>"; };
		084AB2CD15A1F540000DD259 /* be_io_compressedrecstore.h */ = {isa = PBXFileReference; fileEncoding = 4; lastKnownFileType = sourcecode.c.h; name = be_io_compressedrecstore.h; path = ../src/include/be_io_compressedrecstore.h; sourceTree = "<group>"; };
		084AB2CF15A1F5D9000DD259 /* be_io_compressedrecstore.cpp */ = {isa = PBXFileReference; fileEncoding = 4; lastKnownFileType = sourcecode.cpp.cpp; name = be_io_compressedrecstore.cpp; path = ../src/libbiomeval/be_io_compressedrecstore.cpp; sourceTree = "<group>"; };
		086A2A63154735EA00464DC5 /* Makefile */ = {isa = PBXFileReference; fileEncoding = 4; lastKnownFileType = sourcecode.make; name = Makefile; path = ../src/test/Makefile; sourceTree = "<group>"; };
		086A2A64154735EA00464DC5 /* test_be_data_interchange_an2k.cpp */ = {isa = PBXFileReference; fileEncoding = 4; lastKnownFileType = sourcecode.cpp.cpp; name = test_be_data_interchange_an2k.cpp; path = ../src/test/test_be_data_interchange_an2k.cpp; sourceTree = "<group>"; };
		086A2A65154735EA00464DC5 /* test_be_error_signal_manager.cpp */ = {isa = PBXFileReference; fileEncoding = 4; lastKnownFileType = sourcecode.cpp.cpp; name = test_be_error_signal_manager.cpp; path = ../src/test/test_be_error_signal_manager.cpp; sourceTree = "<group>"; };
		086A2A66154735EA00464DC5 /* test_be_feature_an2kminutiae.cpp */ = {isa = PBXFileReference; fileEncoding = 4; lastKnownFileType = sourcecode.cpp.cpp; name = test_be_feature_an2kminutiae.cpp; path = ../src/test/test_be_feature_an2kminutiae.cpp; sourceTree = "<group>"; };
		086A2A67154735EA00464DC5 /* test_be_finger_an2kview_varres.cpp */ = {isa = PBXFileReference; fileEncoding = 4; lastKnownFileType = sourcecode.cpp.cpp; name = test_be_finger_an2kview_varres.cpp; path = ../src/test/test_be_finger_an2kview_varres.cpp; sourceTree = "<group>"; };
		086A2A68154735EA00464DC5 /* test_be_finger_an2kview.cpp */ = {isa = PBXFileReference; fileEncoding = 4; lastKnownFileType = sourcecode.cpp.cpp; name = test_be_finger_an2kview.cpp; path = ../src/test/test_be_finger_an2kview.cpp; sourceTree = "<group>"; };
		086A2A69154735EA00464DC5 /* test_be_finger_incitsviews.cpp */ = {isa = PBXFileReference; fileEncoding = 4; lastKnownFileType = sourcecode.cpp.cpp; name = test_be_finger_incitsviews.cpp; path = ../src/test/test_be_finger_incitsviews.cpp; sourceTree = "<group>"; };
		086A2A6A154735EA00464DC5 /* test_be_framework.cpp */ = {isa = PBXFileReference; fileEncoding = 4; lastKnownFileType = sourcecode.cpp.cpp; name = test_be_framework.cpp; path = ../src/test/test_be_framework.cpp; sourceTree = "<group>"; };
		086A2A6B154735EA00464DC5 /* test_be_image_image.cpp */ = {isa = PBXFileReference; fileEncoding = 4; lastKnownFileType = sourcecode.cpp.cpp; name = test_be_image_image.cpp; path = ../src/test/test_be_image_image.cpp; sourceTree = "<group>"; };
		086A2A6C154735EA00464DC5 /* test_be_io_archiverecstore.cpp */ = {isa = PBXFileReference; fileEncoding = 4; lastKnownFileType = sourcecode.cpp.cpp; name = test_be_io_archiverecstore.cpp; path = ../src/test/test_be_io_archiverecstore.cpp; sourceTree = "<group>"; };
		086A2A6D154735EA00464DC5 /* test_be_io_filerecstore.cpp */ = {isa = PBXFileReference; fileEncoding = 4; lastKnownFileType = sourcecode.cpp.cpp; name = test_be_io_filerecstore.cpp; path = ../src/test/test_be_io_filerecstore.cpp; sourceTree = "<group>"; };
		086A2A6F154735EA00464DC5 /* test_be_io_properties.cpp */ = {isa = PBXFileReference; fileEncoding = 4; lastKnownFileType = sourcecode.cpp.cpp; name = test_be_io_properties.cpp; path = ../src/test/test_be_io_properties.cpp; sourceTree = "<group>"; };
		086A2A70154735EA00464DC5 /* test_be_io_propertiesfile.cpp */ = {isa = PBXFileReference; fileEncoding = 4; lastKnownFileType = sourcecode.cpp.cpp; name = test_be_io_propertiesfile.cpp; path = ../src/test/test_be_io_propertiesfile.cpp; sourceTree = "<group>"; };
		086A2A71154735EA00464DC5 /* test_be_io_recordstore-stress.cpp */ = {isa = PBXFileReference; fileEncoding = 4; lastKnownFileType = sourcecode.cpp.cpp; name = "test_be_io_recordstore-stress.cpp"; path = "../src/test/test_be_io_recordstore-stress.cpp"; sourceTree = "<group>"; };
		086A2A72154735EA00464DC5 /* test_be_io_recordstore.cpp */ = {isa = PBXFileReference; fileEncoding = 4; lastKnownFileType = sourcecode.cpp.cpp; name = test_be_io_recordstore.cpp; path = ../src/test/test_be_io_recordstore.cpp; sourceTree = "<group>"; };
		086A2A73154735EA00464DC5 /* test_be_io_utility.cpp */ = {isa = PBXFileReference; fileEncoding = 4; lastKnownFileType = sourcecode.cpp.cpp; name = test_be_io_utility.cpp; path = ../src/test/test_be_io_utility.cpp; sourceTree = "<group>"; };
		086A2A74154735EA00464DC5 /* test_be_memory_autoarray.cpp */ = {isa = PBXFileReference; fileEncoding = 4; lastKnownFileType = sourcecode.cpp.cpp; name = test_be_memory_autoarray.cpp; path = ../src/test/test_be_memory_autoarray.cpp; sourceTree = "<group>"; };
		086A2A75154735EA00464DC5 /* test_be_memory_indexedbuffer.cpp */ = {isa = PBXFileReference; fileEncoding = 4; lastKnownFileType = sourcecode.cpp.cpp; name = test_be_memory_indexedbuffer.cpp; path = ../src/test/test_be_memory_indexedbuffer.cpp; sourceTree = "<group>"; };
		086A2A76154735EA00464DC5 /* test_be_process_manager.cpp */ = {isa = PBXFileReference; fileEncoding = 4; lastKnownFileType = sourcecode.cpp.cpp; name = test_be_process_manager.cpp; path = ../src/test/test_be_process_manager.cpp; sourceTree = "<group>"; };
		086A2A77154735EA00464DC5 /* test_be_process_statistics.cpp */ = {isa = PBXFileReference; fileEncoding = 4; lastKnownFileType = sourcecode.cpp.cpp; name = test_be_process_statistics.cpp; path = ../src/test/test_be_process_statistics.cpp; sourceTree = "<group>"; };
		086A2A78154735EA00464DC5 /* test_be_system.cpp */ = {isa = PBXFileReference; fileEncoding = 4; lastKnownFileType = sourcecode.cpp.cpp; name = test_be_system.cpp; path = ../src/test/test_be_system.cpp; sourceTree = "<group>"; };
		086A2A79154735EA00464DC5 /* test_be_text.cpp */ = {isa = PBXFileReference; fileEncoding = 4; lastKnownFileType = sourcecode.cpp.cpp; name = test_be_text.cpp; path = ../src/test/test_be_text.cpp; sourceTree = "<group>"; };
		086A2A7A154735EA00464DC5 /* test_be_time_timer.cpp */ = {isa = PBXFileReference; fileEncoding = 4; lastKnownFileType = sourcecode.cpp.cpp; name = test_be_time_timer.cpp; path = ../src/test/test_be_time_timer.cpp; sourceTree = "<group>"; };
		086A2A7B154735EA00464DC5 /* test_be_time_watchdog.cpp */ = {isa = PBXFileReference; fileEncoding = 4; lastKnownFileType = sourcecode.cpp.cpp; name = test_be_time_watchdog.cpp; path = ../src/test/test_be_time_watchdog.cpp; sourceTree = "<group>"; };
		086A2A7C154735EA00464DC5 /* test_be_time.cpp */ = {isa = PBXFileReference; fileEncoding = 4; lastKnownFileType = sourcecode.cpp.cpp; name = test_be_time.cpp; path = ../src/test/test_be_time.cpp; sourceTree = "<group>"; };
		0880D88717BBDAC1009D0EDE /* be_io_listrecstore.h */ = {isa = PBXFileReference; fileEncoding = 4; lastKnownFileType = sourcecode.c.h; name = be_io_listrecstore.h; path = ../src/include/be_io_listrecstore.h; sourceTree = "<group>"; };
		0880D88817BBDAC1009D0EDE /* be_memory_orderedmap.h */ = {isa = PBXFileReference; fileEncoding = 4; lastKnownFileType = sourcecode.c.h; name = be_memory_orderedmap.h; path = ../src/include/be_memory_orderedmap.h; sourceTree = "<group>"; };
		0880D88917BBDAF8009D0EDE /* be_io_listrecstore.cpp */ = {isa = PBXFileReference; fileEncoding = 4; lastKnownFileType = sourcecode.cpp.cpp; name = be_io_listrecstore.cpp; path = ../src/libbiomeval/be_io_listrecstore.cpp; sourceTree = "<group>"; };
		0880D88A17BBDB13009D0EDE /* test_be_io_listrecstore.cpp */ = {isa = PBXFileReference; fileEncoding = 4; lastKnownFileType = sourcecode.cpp.cpp; name = test_be_io_listrecstore.cpp; path = ../src/test/test_be_io_listrecstore.cpp; sourceTree = "<group>"; };
		0880D88B17BBDB13009D0EDE /* test_be_memory_orderedmap.cpp */ = {isa = PBXFileReference; fileEncoding = 4; lastKnownFileType = sourcecode.cpp.cpp; name = test_be_memory_orderedmap.cpp; path = ../src/test/test_be_memory_orderedmap.cpp; sourceTree = "<group>"; };
		0890142318D9EAFB0079696B /* be_process_commandcenter.h */ = {isa = PBXFileReference; fileEncoding = 4; lastKnownFileType = sourcecode.c.h; name = be_process_commandcenter.h; path = ../src/include/be_process_commandcenter.h; sourceTree = "<group>"; };
		0890142418D9EAFB0079696B /* be_process_mclistener.h */ = {isa = PBXFileReference; fileEncoding = 4; lastKnownFileType = sourcecode.c.h; name = be_process_mclistener.h; path = ../src/include/be_process_mclistener.h; sourceTree = "<group>"; };
		0890142518D9EAFB0079696B /* be_process_mcreceiver.h */ = {isa = PBXFileReference; fileEncoding = 4; lastKnownFileType = sourcecode.c.h; name = be_process_mcreceiver.h; path = ../src/include/be_process_mcreceiver.h; sourceTree = "<group>"; };
		0890142618D9EAFB0079696B /* be_process_mcutility.h */ = {isa = PBXFileReference; fileEncoding = 4; lastKnownFileType = sourcecode.c.h; name = be_process_mcutility.h; path = ../src/include/be_process_mcutility.h; sourceTree = "<group>"; };
		0890142718D9EAFB0079696B /* be_process_messagecenter.h */ = {isa = PBXFileReference; fileEncoding = 4; lastKnownFileType = sourcecode.c.h; name = be_process_messagecenter.h; path = ../src/include/be_process_messagecenter.h; sourceTree = "<group>"; };
		0890142818D9EB0B0079696B /* be_framework_enumeration.h */ = {isa = PBXFileReference; fileEncoding = 4; lastKnownFileType = sourcecode.c.h; name = be_framework_enumeration.h; path = ../src/include/be_framework_enumeration.h; sourceTree = "<group>"; };
		0890142918D9EB0B0079696B /* be_io_recordstoreiterator.h */ = {isa = PBXFileReference; fileEncoding = 4; lastKnownFileType = sourcecode.c.h; name = be_io_recordstoreiterator.h; path = ../src/include/be_io_recordstoreiterator.h; sourceTree = "<group>"; };
		0890142A18D9EB0B0079696B /* be_memory_autoarrayiterator.h */ = {isa = PBXFileReference; fileEncoding = 4; lastKnownFileType = sourcecode.c.h; name = be_memory_autoarrayiterator.h; path = ../src/include/be_memory_autoarrayiterator.h; sourceTree = "<group>"; };
		0890142B18D9EB0B0079696B /* be_memory_autoarrayutility.h */ = {isa = PBXFileReference; fileEncoding = 4; lastKnownFileType = sourcecode.c.h; name = be_memory_autoarrayutility.h; path = ../src/include/be_memory_autoarrayutility.h; sourceTree = "<group>"; };
		0890142E18D9EB9B0079696B /* be_io_recordstoreiterator.cpp */ = {isa = PBXFileReference; fileEncoding = 4; lastKnownFileType = sourcecode.cpp.cpp; name = be_io_recordstoreiterator.cpp; path = ../src/libbiomeval/be_io_recordstoreiterator.cpp; sourceTree = "<group>"; };
		0890142F18D9EB9B0079696B /* be_process_mclistener.cpp */ = {isa = PBXFileReference; fileEncoding = 4; lastKnownFileType = sourcecode.cpp.cpp; name = be_process_mclistener.cpp; path = ../src/libbiomeval/be_process_mclistener.cpp; sourceTree = "<group>"; };
		0890143018D9EB9B0079696B /* be_process_mcreceiver.cpp */ = {isa = PBXFileReference; fileEncoding = 4; lastKnownFileType = sourcecode.cpp.cpp; name = be_process_mcreceiver.cpp; path = ../src/libbiomeval/be_process_mcreceiver.cpp; sourceTree = "<group>"; };
		0890143118D9EB9B0079696B /* be_process_mcutility.cpp */ = {isa = PBXFileReference; fileEncoding = 4; lastKnownFileType = sourcecode.cpp.cpp; name = be_process_mcutility.cpp; path = ../src/libbiomeval/be_process_mcutility.cpp; sourceTree = "<group>"; };
		0890143218D9EB9B0079696B /* be_process_messagecenter.cpp */ = {isa = PBXFileReference; fileEncoding = 4; lastKnownFileType = sourcecode.cpp.cpp; name = be_process_messagecenter.cpp; path = ../src/libbiomeval/be_process_messagecenter.cpp; sourceTree = "<group>"; };
		0890143818D9EC2C0079696B /* be_process_commandcenter_example.cpp */ = {isa = PBXFileReference; fileEncoding = 4; lastKnownFileType = sourcecode.cpp.cpp; name = be_process_commandcenter_example.cpp; path = ../src/test/be_process_commandcenter_example.cpp; sourceTree = "<group>"; };
		0890143918D9EC2C0079696B /* test_be_framework_enumeration.cpp */ = {isa = PBXFileReference; fileEncoding = 4; lastKnownFileType = sourcecode.cpp.cpp; name = test_be_framework_enumeration.cpp; path = ../src/test/test_be_framework_enumeration.cpp; sourceTree = "<group>"; };
		08A64F2718EC9DC500ED9120 /* be_image_bmp.cpp */ = {isa = PBXFileReference; fileEncoding = 4; lastKnownFileType = sourcecode.cpp.cpp; name = be_image_bmp.cpp; path = ../src/libbiomeval/be_image_bmp.cpp; sourceTree = "<group>"; };
		08A64F2818EC9DC500ED9120 /* be_image_bmp.h */ = {isa = PBXFileReference; fileEncoding = 4; lastKnownFileType = sourcecode.c.h; name = be_image_bmp.h; path = ../src/include/be_image_bmp.h; sourceTree = "<group>"; };
		08B809961AA9E52400217EE4 /* be_io_filelogcabinet.h */ = {isa = PBXFileReference; fileEncoding = 4; lastKnownFileType = sourcecode.c.h; name = be_io_filelogcabinet.h; path = ../src/include/be_io_filelogcabinet.h; sourceTree = "<group>"; };
		08B809971AA9E52400217EE4 /* be_io_filelogsheet.h */ = {isa = PBXFileReference; fileEncoding = 4; lastKnownFileType = sourcecode.c.h; name = be_io_filelogsheet.h; path = ../src/include/be_io_filelogsheet.h; sourceTree = "<group>"; };
		08B809981AA9E52400217EE4 /* be_video_container.h */ = {isa = PBXFileReference; fileEncoding = 4; lastKnownFileType = sourcecode.c.h; name = be_video_container.h; path = ../src/include/be_video_container.h; sourceTree = "<group>"; };
		08B809991AA9E52400217EE4 /* be_video_stream.h */ = {isa = PBXFileReference; fileEncoding = 4; lastKnownFileType = sourcecode.c.h; name = be_video_stream.h; path = ../src/include/be_video_stream.h; sourceTree = "<group>"; };
		08B8099A1AA9E52400217EE4 /* be_video.h */ = {isa = PBXFileReference; fileEncoding = 4; lastKnownFileType = sourcecode.c.h; name = be_video.h; path = ../src/include/be_video.h; sourceTree = "<group>"; };
		08B8099B1AA9E53900217EE4 /* be_io_filelogcabinet.cpp */ = {isa = PBXFileReference; fileEncoding = 4; lastKnownFileType = sourcecode.cpp.cpp; name = be_io_filelogcabinet.cpp; path = ../src/libbiomeval/be_io_filelogcabinet.cpp; sourceTree = "<group>"; };
		08B8099C1AA9E53900217EE4 /* be_io_filelogsheet.cpp */ = {isa = PBXFileReference; fileEncoding = 4; lastKnownFileType = sourcecode.cpp.cpp; name = be_io_filelogsheet.cpp; path = ../src/libbiomeval/be_io_filelogsheet.cpp; sourceTree = "<group>"; };
		08B8099D1AA9E53900217EE4 /* be_video_container_impl.cpp */ = {isa = PBXFileReference; fileEncoding = 4; lastKnownFileType = sourcecode.cpp.cpp; name = be_video_container_impl.cpp; path = ../src/libbiomeval/be_video_container_impl.cpp; sourceTree = "<group>"; };
		08B8099E1AA9E53900217EE4 /* be_video_container_impl.h */ = {isa = PBXFileReference; fileEncoding = 4; lastKnownFileType = sourcecode.c.h; name = be_video_container_impl.h; path = ../src/libbiomeval/be_video_container_impl.h; sourceTree = "<group>"; };
		08B8099F1AA9E53900217EE4 /* be_video_container.cpp */ = {isa = PBXFileReference; fileEncoding = 4; lastKnownFileType = sourcecode.cpp.cpp; name = be_video_container.cpp; path = ../src/libbiomeval/be_video_container.cpp; sourceTree = "<group>"; };
		08B809A41AA9E73100217EE4 /* test_be_video.cpp */ = {isa = PBXFileReference; fileEncoding = 4; lastKnownFileType = sourcecode.cpp.cpp; name = test_be_video.cpp; path = ../src/test/test_be_video.cpp; sourceTree = "<group>"; };
		08C0465A156E9E4B00E2A097 /* be_io_gzip.h */ = {isa = PBXFileReference; fileEncoding = 4; lastKnownFileType = sourcecode.c.h; name = be_io_gzip.h; path = ../src/include/be_io_gzip.h; sourceTree = "<group>"; };
		08C0465B156E9E5A00E2A097 /* be_io_compressor.h */ = {isa = PBXFileReference; fileEncoding = 4; lastKnownFileType = sourcecode.c.h; name = be_io_compressor.h; path = ../src/include/be_io_compressor.h; sourceTree = "<group>"; };
		08C0465C156E9E8D00E2A097 /* be_io_compressor.cpp */ = {isa = PBXFileReference; fileEncoding = 4; lastKnownFileType = sourcecode.cpp.cpp; name = be_io_compressor.cpp; path = ../src/libbiomeval/be_io_compressor.cpp; sourceTree = "<group>"; };
		08C0465D156E9E8D00E2A097 /* be_io_gzip.cpp */ = {isa = PBXFileReference; fileEncoding = 4; lastKnownFileType = sourcecode.cpp.cpp; name = be_io_gzip.cpp; path = ../src/libbiomeval/be_io_gzip.cpp; sourceTree = "<group>"; };
		08CFC4891545E14800BA89B2 /* be_data_interchange_an2k.h */ = {isa = PBXFileReference; fileEncoding = 4; lastKnownFileType = sourcecode.c.h; name = be_data_interchange_an2k.h; path = ../src/include/be_data_interchange_an2k.h; sourceTree = "<group>"; };
		08CFC48A1545E14800BA89B2 /* be_error_exception.h */ = {isa = PBXFileReference; fileEncoding = 4; lastKnownFileType = sourcecode.c.h; name = be_error_exception.h; path = ../src/include/be_error_exception.h; sourceTree = "<group>"; };
		08CFC48B1545E14800BA89B2 /* be_error_signal_manager.h */ = {isa = PBXFileReference; fileEncoding = 4; lastKnownFileType = sourcecode.c.h; name = be_error_signal_manager.h; path = ../src/include/be_error_signal_manager.h; sourceTree = "<group>"; };
		08CFC48C1545E14800BA89B2 /* be_error.h */ = {isa = PBXFileReference; fileEncoding = 4; lastKnownFileType = sourcecode.c.h; name = be_error.h; path = ../src/include/be_error.h; sourceTree = "<group>"; };
		08CFC48D1545E14800BA89B2 /* be_feature_an2k7minutiae.h */ = {isa = PBXFileReference; fileEncoding = 4; lastKnownFileType = sourcecode.c.h; name = be_feature_an2k7minutiae.h; path = ../src/include/be_feature_an2k7minutiae.h; sourceTree = "<group>"; };
		08CFC48E1545E14800BA89B2 /* be_feature_incitsminutiae.h */ = {isa = PBXFileReference; fileEncoding = 4; lastKnownFileType = sourcecode.c.h; name = be_feature_incitsminutiae.h; path = ../src/include/be_feature_incitsminutiae.h; sourceTree = "<group>"; };
		08CFC48F1545E14800BA89B2 /* be_feature_minutiae.h */ = {isa = PBXFileReference; fileEncoding = 4; lastKnownFileType = sourcecode.c.h; name = be_feature_minutiae.h; path = ../src/include/be_feature_minutiae.h; sourceTree = "<group>"; };
		08CFC4901545E14800BA89B2 /* be_finger_an2kminutiae_data_record.h */ = {isa = PBXFileReference; fileEncoding = 4; lastKnownFileType = sourcecode.c.h; name = be_finger_an2kminutiae_data_record.h; path = ../src/include/be_finger_an2kminutiae_data_record.h; sourceTree = "<group>"; };
		08CFC4911545E14800BA89B2 /* be_finger_an2kview_capture.h */ = {isa = PBXFileReference; fileEncoding = 4; lastKnownFileType = sourcecode.c.h; name = be_finger_an2kview_capture.h; path = ../src/include/be_finger_an2kview_capture.h; sourceTree = "<group>"; };
		08CFC4921545E14800BA89B2 /* be_finger_an2kview_fixedres.h */ = {isa = PBXFileReference; fileEncoding = 4; lastKnownFileType = sourcecode.c.h; name = be_finger_an2kview_fixedres.h; path = ../src/include/be_finger_an2kview_fixedres.h; sourceTree = "<group>"; };
		08CFC4931545E14800BA89B2 /* be_finger_an2kview_latent.h */ = {isa = PBXFileReference; fileEncoding = 4; lastKnownFileType = sourcecode.c.h; name = be_finger_an2kview_latent.h; path = ../src/include/be_finger_an2kview_latent.h; sourceTree = "<group>"; };
		08CFC4941545E14800BA89B2 /* be_finger_an2kview_varres.h */ = {isa = PBXFileReference; fileEncoding = 4; lastKnownFileType = sourcecode.c.h; name = be_finger_an2kview_varres.h; path = ../src/include/be_finger_an2kview_varres.h; sourceTree = "<group>"; };
		08CFC4951545E14800BA89B2 /* be_finger_an2kview.h */ = {isa = PBXFileReference; fileEncoding = 4; lastKnownFileType = sourcecode.c.h; name = be_finger_an2kview.h; path = ../src/include/be_finger_an2kview.h; sourceTree = "<group>"; };
		08CFC4961545E14800BA89B2 /* be_finger_ansi2004view.h */ = {isa = PBXFileReference; fileEncoding = 4; lastKnownFileType = sourcecode.c.h; name = be_finger_ansi2004view.h; path = ../src/include/be_finger_ansi2004view.h; sourceTree = "<group>"; };
		08CFC4971545E14800BA89B2 /* be_finger_ansi2007view.h */ = {isa = PBXFileReference; fileEncoding = 4; lastKnownFileType = sourcecode.c.h; name = be_finger_ansi2007view.h; path = ../src/include/be_finger_ansi2007view.h; sourceTree = "<group>"; };
		08CFC4981545E14800BA89B2 /* be_finger_incitsview.h */ = {isa = PBXFileReference; fileEncoding = 4; lastKnownFileType = sourcecode.c.h; name = be_finger_incitsview.h; path = ../src/include/be_finger_incitsview.h; sourceTree = "<group>"; };
		08CFC4991545E14800BA89B2 /* be_finger_iso2005view.h */ = {isa = PBXFileReference; fileEncoding = 4; lastKnownFileType = sourcecode.c.h; name = be_finger_iso2005view.h; path = ../src/include/be_finger_iso2005view.h; sourceTree = "<group>"; };
		08CFC49A1545E14800BA89B2 /* be_finger.h */ = {isa = PBXFileReference; fileEncoding = 4; lastKnownFileType = sourcecode.c.h; name = be_finger.h; path = ../src/include/be_finger.h; sourceTree = "<group>"; };
		08CFC49B1545E14800BA89B2 /* be_framework.h */ = {isa = PBXFileReference; fileEncoding = 4; lastKnownFileType = sourcecode.c.h; name = be_framework.h; path = ../src/include/be_framework.h; sourceTree = "<group>"; };
		08CFC49C1545E14800BA89B2 /* be_image_image.h */ = {isa = PBXFileReference; fileEncoding = 4; lastKnownFileType = sourcecode.c.h; name = be_image_image.h; path = ../src/include/be_image_image.h; sourceTree = "<group>"; };
		08CFC49D1545E14800BA89B2 /* be_image_jpeg.h */ = {isa = PBXFileReference; fileEncoding = 4; lastKnownFileType = sourcecode.c.h; name = be_image_jpeg.h; path = ../src/include/be_image_jpeg.h; sourceTree = "<group>"; };
		08CFC49E1545E14800BA89B2 /* be_image_jpeg2000.h */ = {isa = PBXFileReference; fileEncoding = 4; lastKnownFileType = sourcecode.c.h; name = be_image_jpeg2000.h; path = ../src/include/be_image_jpeg2000.h; sourceTree = "<group>"; };
		08CFC49F1545E14800BA89B2 /* be_image_jpegl.h */ = {isa = PBXFileReference; fileEncoding = 4; lastKnownFileType = sourcecode.c.h; name = be_image_jpegl.h; path = ../src/include/be_image_jpegl.h; sourceTree = "<group>"; };
		08CFC4A01545E14800BA89B2 /* be_image_netpbm.h */ = {isa = PBXFileReference; fileEncoding = 4; lastKnownFileType = sourcecode.c.h; name = be_image_netpbm.h; path = ../src/include/be_image_netpbm.h; sourceTree = "<group>"; };
		08CFC4A11545E14800BA89B2 /* be_image_png.h */ = {isa = PBXFileReference; fileEncoding = 4; lastKnownFileType = sourcecode.c.h; name = be_image_png.h; path = ../src/include/be_image_png.h; sourceTree = "<group>"; };
		08CFC4A21545E14800BA89B2 /* be_image_raw.h */ = {isa = PBXFileReference; fileEncoding = 4; lastKnownFileType = sourcecode.c.h; name = be_image_raw.h; path = ../src/include/be_image_raw.h; sourceTree = "<group>"; };
		08CFC4A31545E14800BA89B2 /* be_image_wsq.h */ = {isa = PBXFileReference; fileEncoding = 4; lastKnownFileType = sourcecode.c.h; name = be_image_wsq.h; path = ../src/include/be_image_wsq.h; sourceTree = "<group>"; };
		08CFC4A41545E14800BA89B2 /* be_image.h */ = {isa = PBXFileReference; fileEncoding = 4; lastKnownFileType = sourcecode.c.h; name = be_image.h; path = ../src/include/be_image.h; sourceTree = "<group>"; };
		08CFC4A51545E14800BA89B2 /* be_io_archiverecstore.h */ = {isa = PBXFileReference; fileEncoding = 4; lastKnownFileType = sourcecode.c.h; name = be_io_archiverecstore.h; path = ../src/include/be_io_archiverecstore.h; sourceTree = "<group>"; };
		08CFC4A61545E14800BA89B2 /* be_io_dbrecstore.h */ = {isa = PBXFileReference; fileEncoding = 4; lastKnownFileType = sourcecode.c.h; name = be_io_dbrecstore.h; path = ../src/include/be_io_dbrecstore.h; sourceTree = "<group>"; };
		08CFC4A71545E14800BA89B2 /* be_io_filerecstore.h */ = {isa = PBXFileReference; fileEncoding = 4; lastKnownFileType = sourcecode.c.h; name = be_io_filerecstore.h; path = ../src/include/be_io_filerecstore.h; sourceTree = "<group>"; };
		08CFC4A91545E14800BA89B2 /* be_io_logsheet.h */ = {isa = PBXFileReference; fileEncoding = 4; lastKnownFileType = sourcecode.c.h; name = be_io_logsheet.h; path = ../src/include/be_io_logsheet.h; sourceTree = "<group>"; };
		08CFC4AA1545E14800BA89B2 /* be_io_properties.h */ = {isa = PBXFileReference; fileEncoding = 4; lastKnownFileType = sourcecode.c.h; name = be_io_properties.h; path = ../src/include/be_io_properties.h; sourceTree = "<group>"; };
		08CFC4AB1545E14800BA89B2 /* be_io_propertiesfile.h */ = {isa = PBXFileReference; fileEncoding = 4; lastKnownFileType = sourcecode.c.h; name = be_io_propertiesfile.h; path = ../src/include/be_io_propertiesfile.h; sourceTree = "<group>"; };
		08CFC4AC1545E14800BA89B2 /* be_io_recordstore.h */ = {isa = PBXFileReference; fileEncoding = 4; lastKnownFileType = sourcecode.c.h; name = be_io_recordstore.h; path = ../src/include/be_io_recordstore.h; sourceTree = "<group>"; };
		08CFC4AD1545E14800BA89B2 /* be_io_sqliterecstore.h */ = {isa = PBXFileReference; fileEncoding = 4; lastKnownFileType = sourcecode.c.h; name = be_io_sqliterecstore.h; path = ../src/include/be_io_sqliterecstore.h; sourceTree = "<group>"; };
		08CFC4AE1545E14800BA89B2 /* be_io_utility.h */ = {isa = PBXFileReference; fileEncoding = 4; lastKnownFileType = sourcecode.c.h; name = be_io_utility.h; path = ../src/include/be_io_utility.h; sourceTree = "<group>"; };
		08CFC4AF1545E14800BA89B2 /* be_io.h */ = {isa = PBXFileReference; fileEncoding = 4; lastKnownFileType = sourcecode.c.h; name = be_io.h; path = ../src/include/be_io.h; sourceTree = "<group>"; };
		08CFC4B01545E14800BA89B2 /* be_memory_autoarray.h */ = {isa = PBXFileReference; fileEncoding = 4; lastKnownFileType = sourcecode.c.h; name = be_memory_autoarray.h; path = ../src/include/be_memory_autoarray.h; sourceTree = "<group>"; };
		08CFC4B11545E14800BA89B2 /* be_memory_autobuffer.h */ = {isa = PBXFileReference; fileEncoding = 4; lastKnownFileType = sourcecode.c.h; name = be_memory_autobuffer.h; path = ../src/include/be_memory_autobuffer.h; sourceTree = "<group>"; };
		08CFC4B21545E14800BA89B2 /* be_memory_indexedbuffer.h */ = {isa = PBXFileReference; fileEncoding = 4; lastKnownFileType = sourcecode.c.h; name = be_memory_indexedbuffer.h; path = ../src/include/be_memory_indexedbuffer.h; sourceTree = "<group>"; };
		08CFC4B31545E14800BA89B2 /* be_memory.h */ = {isa = PBXFileReference; fileEncoding = 4; lastKnownFileType = sourcecode.c.h; name = be_memory.h; path = ../src/include/be_memory.h; sourceTree = "<group>"; };
		08CFC4B41545E14800BA89B2 /* be_process_forkmanager.h */ = {isa = PBXFileReference; fileEncoding = 4; lastKnownFileType = sourcecode.c.h; name = be_process_forkmanager.h; path = ../src/include/be_process_forkmanager.h; sourceTree = "<group>"; };
		08CFC4B51545E14800BA89B2 /* be_process_manager.h */ = {isa = PBXFileReference; fileEncoding = 4; lastKnownFileType = sourcecode.c.h; name = be_process_manager.h; path = ../src/include/be_process_manager.h; sourceTree = "<group>"; };
		08CFC4B61545E14800BA89B2 /* be_process_posixthreadmanager.h */ = {isa = PBXFileReference; fileEncoding = 4; lastKnownFileType = sourcecode.c.h; name = be_process_posixthreadmanager.h; path = ../src/include/be_process_posixthreadmanager.h; sourceTree = "<group>"; };
		08CFC4B71545E14800BA89B2 /* be_process_statistics.h */ = {isa = PBXFileReference; fileEncoding = 4; lastKnownFileType = sourcecode.c.h; name = be_process_statistics.h; path = ../src/include/be_process_statistics.h; sourceTree = "<group>"; };
		08CFC4B81545E14800BA89B2 /* be_process_worker.h */ = {isa = PBXFileReference; fileEncoding = 4; lastKnownFileType = sourcecode.c.h; name = be_process_worker.h; path = ../src/include/be_process_worker.h; sourceTree = "<group>"; };
		08CFC4B91545E14800BA89B2 /* be_process_workercontroller.h */ = {isa = PBXFileReference; fileEncoding = 4; lastKnownFileType = sourcecode.c.h; name = be_process_workercontroller.h; path = ../src/include/be_process_workercontroller.h; sourceTree = "<group>"; };
		08CFC4BA1545E14800BA89B2 /* be_process.h */ = {isa = PBXFileReference; fileEncoding = 4; lastKnownFileType = sourcecode.c.h; name = be_process.h; path = ../src/include/be_process.h; sourceTree = "<group>"; };
		08CFC4BB1545E14800BA89B2 /* be_system.h */ = {isa = PBXFileReference; fileEncoding = 4; lastKnownFileType = sourcecode.c.h; name = be_system.h; path = ../src/include/be_system.h; sourceTree = "<group>"; };
		08CFC4BC1545E14800BA89B2 /* be_text.h */ = {isa = PBXFileReference; fileEncoding = 4; lastKnownFileType = sourcecode.c.h; name = be_text.h; path = ../src/include/be_text.h; sourceTree = "<group>"; };
		08CFC4BD1545E14800BA89B2 /* be_time_timer.h */ = {isa = PBXFileReference; fileEncoding = 4; lastKnownFileType = sourcecode.c.h; name = be_time_timer.h; path = ../src/include/be_time_timer.h; sourceTree = "<group>"; };
		08CFC4BE1545E14800BA89B2 /* be_time_watchdog.h */ = {isa = PBXFileReference; fileEncoding = 4; lastKnownFileType = sourcecode.c.h; name = be_time_watchdog.h; path = ../src/include/be_time_watchdog.h; sourceTree = "<group>"; };
		08CFC4BF1545E14800BA89B2 /* be_time.h */ = {isa = PBXFileReference; fileEncoding = 4; lastKnownFileType = sourcecode.c.h; name = be_time.h; path = ../src/include/be_time.h; sourceTree = "<group>"; };
		08CFC4C01545E14800BA89B2 /* be_view_an2kview_varres.h */ = {isa = PBXFileReference; fileEncoding = 4; lastKnownFileType = sourcecode.c.h; name = be_view_an2kview_varres.h; path = ../src/include/be_view_an2kview_varres.h; sourceTree = "<group>"; };
		08CFC4C11545E14800BA89B2 /* be_view_an2kview.h */ = {isa = PBXFileReference; fileEncoding = 4; lastKnownFileType = sourcecode.c.h; name = be_view_an2kview.h; path = ../src/include/be_view_an2kview.h; sourceTree = "<group>"; };
		08CFC4C21545E14800BA89B2 /* be_view_view.h */ = {isa = PBXFileReference; fileEncoding = 4; lastKnownFileType = sourcecode.c.h; name = be_view_view.h; path = ../src/include/be_view_view.h; sourceTree = "<group>"; };
		08CFC4C31545E14800BA89B2 /* be_view.h */ = {isa = PBXFileReference; fileEncoding = 4; lastKnownFileType = sourcecode.c.h; name = be_view.h; path = ../src/include/be_view.h; sourceTree = "<group>"; };
		08CFC4C71545E1F500BA89B2 /* be_data_interchange_an2k.cpp */ = {isa = PBXFileReference; fileEncoding = 4; lastKnownFileType = sourcecode.cpp.cpp; name = be_data_interchange_an2k.cpp; path = ../src/libbiomeval/be_data_interchange_an2k.cpp; sourceTree = "<group>"; };
		08CFC4C81545E1F500BA89B2 /* be_error_exception.cpp */ = {isa = PBXFileReference; fileEncoding = 4; lastKnownFileType = sourcecode.cpp.cpp; name = be_error_exception.cpp; path = ../src/libbiomeval/be_error_exception.cpp; sourceTree = "<group>"; };
		08CFC4C91545E1F500BA89B2 /* be_error_signal_manager.cpp */ = {isa = PBXFileReference; fileEncoding = 4; lastKnownFileType = sourcecode.cpp.cpp; name = be_error_signal_manager.cpp; path = ../src/libbiomeval/be_error_signal_manager.cpp; sourceTree = "<group>"; };
		08CFC4CA1545E1F500BA89B2 /* be_error.cpp */ = {isa = PBXFileReference; fileEncoding = 4; lastKnownFileType = sourcecode.cpp.cpp; name = be_error.cpp; path = ../src/libbiomeval/be_error.cpp; sourceTree = "<group>"; };
		08CFC4CB1545E1F500BA89B2 /* be_feature_an2k7minutiae.cpp */ = {isa = PBXFileReference; fileEncoding = 4; lastKnownFileType = sourcecode.cpp.cpp; name = be_feature_an2k7minutiae.cpp; path = ../src/libbiomeval/be_feature_an2k7minutiae.cpp; sourceTree = "<group>"; };
		08CFC4CC1545E1F500BA89B2 /* be_feature_incitsminutiae.cpp */ = {isa = PBXFileReference; fileEncoding = 4; lastKnownFileType = sourcecode.cpp.cpp; name = be_feature_incitsminutiae.cpp; path = ../src/libbiomeval/be_feature_incitsminutiae.cpp; sourceTree = "<group>"; };
		08CFC4CD1545E1F500BA89B2 /* be_feature_minutiae.cpp */ = {isa = PBXFileReference; fileEncoding = 4; lastKnownFileType = sourcecode.cpp.cpp; name = be_feature_minutiae.cpp; path = ../src/libbiomeval/be_feature_minutiae.cpp; sourceTree = "<group>"; };
		08CFC4CE1545E1F500BA89B2 /* be_finger_an2kminutiae_data_record.cpp */ = {isa = PBXFileReference; fileEncoding = 4; lastKnownFileType = sourcecode.cpp.cpp; name = be_finger_an2kminutiae_data_record.cpp; path = ../src/libbiomeval/be_finger_an2kminutiae_data_record.cpp; sourceTree = "<group>"; };
		08CFC4CF1545E1F500BA89B2 /* be_finger_an2kview_capture.cpp */ = {isa = PBXFileReference; fileEncoding = 4; lastKnownFileType = sourcecode.cpp.cpp; name = be_finger_an2kview_capture.cpp; path = ../src/libbiomeval/be_finger_an2kview_capture.cpp; sourceTree = "<group>"; };
		08CFC4D01545E1F500BA89B2 /* be_finger_an2kview_fixedres.cpp */ = {isa = PBXFileReference; fileEncoding = 4; lastKnownFileType = sourcecode.cpp.cpp; name = be_finger_an2kview_fixedres.cpp; path = ../src/libbiomeval/be_finger_an2kview_fixedres.cpp; sourceTree = "<group>"; };
		08CFC4D11545E1F500BA89B2 /* be_finger_an2kview_latent.cpp */ = {isa = PBXFileReference; fileEncoding = 4; lastKnownFileType = sourcecode.cpp.cpp; name = be_finger_an2kview_latent.cpp; path = ../src/libbiomeval/be_finger_an2kview_latent.cpp; sourceTree = "<group>"; };
		08CFC4D21545E1F500BA89B2 /* be_finger_an2kview_varres.cpp */ = {isa = PBXFileReference; fileEncoding = 4; lastKnownFileType = sourcecode.cpp.cpp; name = be_finger_an2kview_varres.cpp; path = ../src/libbiomeval/be_finger_an2kview_varres.cpp; sourceTree = "<group>"; };
		08CFC4D31545E1F500BA89B2 /* be_finger_an2kview.cpp */ = {isa = PBXFileReference; fileEncoding = 4; lastKnownFileType = sourcecode.cpp.cpp; name = be_finger_an2kview.cpp; path = ../src/libbiomeval/be_finger_an2kview.cpp; sourceTree = "<group>"; };
		08CFC4D41545E1F500BA89B2 /* be_finger_ansi2004view.cpp */ = {isa = PBXFileReference; fileEncoding = 4; lastKnownFileType = sourcecode.cpp.cpp; name = be_finger_ansi2004view.cpp; path = ../src/libbiomeval/be_finger_ansi2004view.cpp; sourceTree = "<group>"; };
		08CFC4D51545E1F500BA89B2 /* be_finger_ansi2007view.cpp */ = {isa = PBXFileReference; fileEncoding = 4; lastKnownFileType = sourcecode.cpp.cpp; name = be_finger_ansi2007view.cpp; path = ../src/libbiomeval/be_finger_ansi2007view.cpp; sourceTree = "<group>"; };
		08CFC4D61545E1F500BA89B2 /* be_finger_incitsview.cpp */ = {isa = PBXFileReference; fileEncoding = 4; lastKnownFileType = sourcecode.cpp.cpp; name = be_finger_incitsview.cpp; path = ../src/libbiomeval/be_finger_incitsview.cpp; sourceTree = "<group>"; };
		08CFC4D71545E1F500BA89B2 /* be_finger_iso2005view.cpp */ = {isa = PBXFileReference; fileEncoding = 4; lastKnownFileType = sourcecode.cpp.cpp; name = be_finger_iso2005view.cpp; path = ../src/libbiomeval/be_finger_iso2005view.cpp; sourceTree = "<group>"; };
		08CFC4D81545E1F500BA89B2 /* be_finger.cpp */ = {isa = PBXFileReference; fileEncoding = 4; lastKnownFileType = sourcecode.cpp.cpp; name = be_finger.cpp; path = ../src/libbiomeval/be_finger.cpp; sourceTree = "<group>"; };
		08CFC4D91545E1F500BA89B2 /* be_framework.cpp */ = {isa = PBXFileReference; fileEncoding = 4; lastKnownFileType = sourcecode.cpp.cpp; name = be_framework.cpp; path = ../src/libbiomeval/be_framework.cpp; sourceTree = "<group>"; };
		08CFC4DA1545E1F500BA89B2 /* be_image_image.cpp */ = {isa = PBXFileReference; fileEncoding = 4; lastKnownFileType = sourcecode.cpp.cpp; name = be_image_image.cpp; path = ../src/libbiomeval/be_image_image.cpp; sourceTree = "<group>"; };
		08CFC4DB1545E1F500BA89B2 /* be_image_jpeg.cpp */ = {isa = PBXFileReference; fileEncoding = 4; lastKnownFileType = sourcecode.cpp.cpp; name = be_image_jpeg.cpp; path = ../src/libbiomeval/be_image_jpeg.cpp; sourceTree = "<group>"; };
		08CFC4DC1545E1F500BA89B2 /* be_image_jpeg2000.cpp */ = {isa = PBXFileReference; fileEncoding = 4; lastKnownFileType = sourcecode.cpp.cpp; name = be_image_jpeg2000.cpp; path = ../src/libbiomeval/be_image_jpeg2000.cpp; sourceTree = "<group>"; };
		08CFC4DD1545E1F500BA89B2 /* be_image_jpegl.cpp */ = {isa = PBXFileReference; fileEncoding = 4; lastKnownFileType = sourcecode.cpp.cpp; name = be_image_jpegl.cpp; path = ../src/libbiomeval/be_image_jpegl.cpp; sourceTree = "<group>"; };
		08CFC4DE1545E1F500BA89B2 /* be_image_netpbm.cpp */ = {isa = PBXFileReference; fileEncoding = 4; lastKnownFileType = sourcecode.cpp.cpp; name = be_image_netpbm.cpp; path = ../src/libbiomeval/be_image_netpbm.cpp; sourceTree = "<group>"; };
		08CFC4DF1545E1F500BA89B2 /* be_image_png.cpp */ = {isa = PBXFileReference; fileEncoding = 4; lastKnownFileType = sourcecode.cpp.cpp; name = be_image_png.cpp; path = ../src/libbiomeval/be_image_png.cpp; sourceTree = "<group>"; };
		08CFC4E01545E1F500BA89B2 /* be_image_raw.cpp */ = {isa = PBXFileReference; fileEncoding = 4; lastKnownFileType = sourcecode.cpp.cpp; name = be_image_raw.cpp; path = ../src/libbiomeval/be_image_raw.cpp; sourceTree = "<group>"; };
		08CFC4E21545E1F500BA89B2 /* be_image_wsq.cpp */ = {isa = PBXFileReference; fileEncoding = 4; lastKnownFileType = sourcecode.cpp.cpp; name = be_image_wsq.cpp; path = ../src/libbiomeval/be_image_wsq.cpp; sourceTree = "<group>"; };
		08CFC4E31545E1F500BA89B2 /* be_image.cpp */ = {isa = PBXFileReference; fileEncoding = 4; lastKnownFileType = sourcecode.cpp.cpp; name = be_image.cpp; path = ../src/libbiomeval/be_image.cpp; sourceTree = "<group>"; };
		08CFC4E41545E1F500BA89B2 /* be_io_archiverecstore.cpp */ = {isa = PBXFileReference; fileEncoding = 4; lastKnownFileType = sourcecode.cpp.cpp; name = be_io_archiverecstore.cpp; path = ../src/libbiomeval/be_io_archiverecstore.cpp; sourceTree = "<group>"; };
		08CFC4E51545E1F500BA89B2 /* be_io_dbrecstore.cpp */ = {isa = PBXFileReference; fileEncoding = 4; lastKnownFileType = sourcecode.cpp.cpp; name = be_io_dbrecstore.cpp; path = ../src/libbiomeval/be_io_dbrecstore.cpp; sourceTree = "<group>"; };
		08CFC4E61545E1F500BA89B2 /* be_io_filerecstore.cpp */ = {isa = PBXFileReference; fileEncoding = 4; lastKnownFileType = sourcecode.cpp.cpp; name = be_io_filerecstore.cpp; path = ../src/libbiomeval/be_io_filerecstore.cpp; sourceTree = "<group>"; };
		08CFC4E81545E1F500BA89B2 /* be_io_logsheet.cpp */ = {isa = PBXFileReference; fileEncoding = 4; lastKnownFileType = sourcecode.cpp.cpp; name = be_io_logsheet.cpp; path = ../src/libbiomeval/be_io_logsheet.cpp; sourceTree = "<group>"; };
		08CFC4E91545E1F500BA89B2 /* be_io_properties.cpp */ = {isa = PBXFileReference; fileEncoding = 4; lastKnownFileType = sourcecode.cpp.cpp; name = be_io_properties.cpp; path = ../src/libbiomeval/be_io_properties.cpp; sourceTree = "<group>"; };
		08CFC4EA1545E1F500BA89B2 /* be_io_propertiesfile.cpp */ = {isa = PBXFileReference; fileEncoding = 4; lastKnownFileType = sourcecode.cpp.cpp; name = be_io_propertiesfile.cpp; path = ../src/libbiomeval/be_io_propertiesfile.cpp; sourceTree = "<group>"; };
		08CFC4EB1545E1F500BA89B2 /* be_io_recordstore.cpp */ = {isa = PBXFileReference; fileEncoding = 4; lastKnownFileType = sourcecode.cpp.cpp; name = be_io_recordstore.cpp; path = ../src/libbiomeval/be_io_recordstore.cpp; sourceTree = "<group>"; };
		08CFC4EC1545E1F500BA89B2 /* be_io_sqliterecstore.cpp */ = {isa = PBXFileReference; fileEncoding = 4; lastKnownFileType = sourcecode.cpp.cpp; name = be_io_sqliterecstore.cpp; path = ../src/libbiomeval/be_io_sqliterecstore.cpp; sourceTree = "<group>"; };
		08CFC4ED1545E1F500BA89B2 /* be_io_utility.cpp */ = {isa = PBXFileReference; fileEncoding = 4; lastKnownFileType = sourcecode.cpp.cpp; name = be_io_utility.cpp; path = ../src/libbiomeval/be_io_utility.cpp; sourceTree = "<group>"; };
		08CFC4EE1545E1F500BA89B2 /* be_memory_indexedbuffer.cpp */ = {isa = PBXFileReference; fileEncoding = 4; lastKnownFileType = sourcecode.cpp.cpp; name = be_memory_indexedbuffer.cpp; path = ../src/libbiomeval/be_memory_indexedbuffer.cpp; sourceTree = "<group>"; };
		08CFC4EF1545E1F500BA89B2 /* be_process_forkmanager.cpp */ = {isa = PBXFileReference; fileEncoding = 4; lastKnownFileType = sourcecode.cpp.cpp; name = be_process_forkmanager.cpp; path = ../src/libbiomeval/be_process_forkmanager.cpp; sourceTree = "<group>"; };
		08CFC4F01545E1F500BA89B2 /* be_process_manager.cpp */ = {isa = PBXFileReference; fileEncoding = 4; lastKnownFileType = sourcecode.cpp.cpp; name = be_process_manager.cpp; path = ../src/libbiomeval/be_process_manager.cpp; sourceTree = "<group>"; };
		08CFC4F11545E1F500BA89B2 /* be_process_posixthreadmanager.cpp */ = {isa = PBXFileReference; fileEncoding = 4; lastKnownFileType = sourcecode.cpp.cpp; name = be_process_posixthreadmanager.cpp; path = ../src/libbiomeval/be_process_posixthreadmanager.cpp; sourceTree = "<group>"; };
		08CFC4F21545E1F500BA89B2 /* be_process_statistics.cpp */ = {isa = PBXFileReference; fileEncoding = 4; lastKnownFileType = sourcecode.cpp.cpp; name = be_process_statistics.cpp; path = ../src/libbiomeval/be_process_statistics.cpp; sourceTree = "<group>"; };
		08CFC4F31545E1F500BA89B2 /* be_process_worker.cpp */ = {isa = PBXFileReference; fileEncoding = 4; lastKnownFileType = sourcecode.cpp.cpp; name = be_process_worker.cpp; path = ../src/libbiomeval/be_process_worker.cpp; sourceTree = "<group>"; };
		08CFC4F41545E1F500BA89B2 /* be_process_workercontroller.cpp */ = {isa = PBXFileReference; fileEncoding = 4; lastKnownFileType = sourcecode.cpp.cpp; name = be_process_workercontroller.cpp; path = ../src/libbiomeval/be_process_workercontroller.cpp; sourceTree = "<group>"; };
		08CFC4F51545E1F500BA89B2 /* be_system.cpp */ = {isa = PBXFileReference; fileEncoding = 4; lastKnownFileType = sourcecode.cpp.cpp; name = be_system.cpp; path = ../src/libbiomeval/be_system.cpp; sourceTree = "<group>"; };
		08CFC4F61545E1F500BA89B2 /* be_text.cpp */ = {isa = PBXFileReference; fileEncoding = 4; lastKnownFileType = sourcecode.cpp.cpp; name = be_text.cpp; path = ../src/libbiomeval/be_text.cpp; sourceTree = "<group>"; };
		08CFC4F71545E1F500BA89B2 /* be_time_timer.cpp */ = {isa = PBXFileReference; fileEncoding = 4; lastKnownFileType = sourcecode.cpp.cpp; name = be_time_timer.cpp; path = ../src/libbiomeval/be_time_timer.cpp; sourceTree = "<group>"; };
		08CFC4F81545E1F500BA89B2 /* be_time_watchdog.cpp */ = {isa = PBXFileReference; fileEncoding = 4; lastKnownFileType = sourcecode.cpp.cpp; name = be_time_watchdog.cpp; path = ../src/libbiomeval/be_time_watchdog.cpp; sourceTree = "<group>"; };
		08CFC4F91545E1F500BA89B2 /* be_time.cpp */ = {isa = PBXFileReference; fileEncoding = 4; lastKnownFileType = sourcecode.cpp.cpp; name = be_time.cpp; path = ../src/libbiomeval/be_time.cpp; sourceTree = "<group>"; };
		08CFC4FA1545E1F500BA89B2 /* be_view_an2kview_varres.cpp */ = {isa = PBXFileReference; fileEncoding = 4; lastKnownFileType = sourcecode.cpp.cpp; name = be_view_an2kview_varres.cpp; path = ../src/libbiomeval/be_view_an2kview_varres.cpp; sourceTree = "<group>"; };
		08CFC4FB1545E1F500BA89B2 /* be_view_an2kview.cpp */ = {isa = PBXFileReference; fileEncoding = 4; lastKnownFileType = sourcecode.cpp.cpp; name = be_view_an2kview.cpp; path = ../src/libbiomeval/be_view_an2kview.cpp; sourceTree = "<group>"; };
		08CFC4FC1545E1F500BA89B2 /* be_view_view.cpp */ = {isa = PBXFileReference; fileEncoding = 4; lastKnownFileType = sourcecode.cpp.cpp; name = be_view_view.cpp; path = ../src/libbiomeval/be_view_view.cpp; sourceTree = "<group>"; };
		08CFC4FD1545E1F500BA89B2 /* Makefile */ = {isa = PBXFileReference; fileEncoding = 4; lastKnownFileType = sourcecode.make; name = Makefile; path = ../src/libbiomeval/Makefile; sourceTree = "<group>"; };
		08E78F3C193CC0CF0005F0A0 /* be_memory_mutableindexedbuffer.h */ = {isa = PBXFileReference; lastKnownFileType = sourcecode.c.h; name = be_memory_mutableindexedbuffer.h; path = ../src/include/be_memory_mutableindexedbuffer.h; sourceTree = "<group>"; };
		08E78F3D193CC0EA0005F0A0 /* be_memory_mutableindexedbuffer.cpp */ = {isa = PBXFileReference; lastKnownFileType = sourcecode.cpp.cpp; name = be_memory_mutableindexedbuffer.cpp; path = ../src/libbiomeval/be_memory_mutableindexedbuffer.cpp; sourceTree = "<group>"; };
		224A58EA18D22E1F00E11798 /* be_face_incitsview.h */ = {isa = PBXFileReference; fileEncoding = 4; lastKnownFileType = sourcecode.c.h; name = be_face_incitsview.h; path = ../src/include/be_face_incitsview.h; sourceTree = "<group>"; };
		224A58EB18D22E1F00E11798 /* be_face_iso2005view.h */ = {isa = PBXFileReference; fileEncoding = 4; lastKnownFileType = sourcecode.c.h; name = be_face_iso2005view.h; path = ../src/include/be_face_iso2005view.h; sourceTree = "<group>"; };
		224A58EC18D22E1F00E11798 /* be_face.h */ = {isa = PBXFileReference; fileEncoding = 4; lastKnownFileType = sourcecode.c.h; name = be_face.h; path = ../src/include/be_face.h; sourceTree = "<group>"; };
		224A58ED18D22E2B00E11798 /* be_feature_mpegfacepoint.h */ = {isa = PBXFileReference; fileEncoding = 4; lastKnownFileType = sourcecode.c.h; name = be_feature_mpegfacepoint.h; path = ../src/include/be_feature_mpegfacepoint.h; sourceTree = "<group>"; };
		224A58EF18D22E4F00E11798 /* be_iris_incitsview.h */ = {isa = PBXFileReference; fileEncoding = 4; lastKnownFileType = sourcecode.c.h; name = be_iris_incitsview.h; path = ../src/include/be_iris_incitsview.h; sourceTree = "<group>"; };
		224A58F018D22E4F00E11798 /* be_iris_iso2011view.h */ = {isa = PBXFileReference; fileEncoding = 4; lastKnownFileType = sourcecode.c.h; name = be_iris_iso2011view.h; path = ../src/include/be_iris_iso2011view.h; sourceTree = "<group>"; };
		224A58F118D22E4F00E11798 /* be_iris.h */ = {isa = PBXFileReference; fileEncoding = 4; lastKnownFileType = sourcecode.c.h; name = be_iris.h; path = ../src/include/be_iris.h; sourceTree = "<group>"; };
		224A58F218D22E7B00E11798 /* be_face_incitsview.cpp */ = {isa = PBXFileReference; fileEncoding = 4; lastKnownFileType = sourcecode.cpp.cpp; name = be_face_incitsview.cpp; path = ../src/libbiomeval/be_face_incitsview.cpp; sourceTree = "<group>"; };
		224A58F318D22E7B00E11798 /* be_face_iso2005view.cpp */ = {isa = PBXFileReference; fileEncoding = 4; lastKnownFileType = sourcecode.cpp.cpp; name = be_face_iso2005view.cpp; path = ../src/libbiomeval/be_face_iso2005view.cpp; sourceTree = "<group>"; };
		224A58F418D22E8C00E11798 /* be_iris_incitsview.cpp */ = {isa = PBXFileReference; fileEncoding = 4; lastKnownFileType = sourcecode.cpp.cpp; name = be_iris_incitsview.cpp; path = ../src/libbiomeval/be_iris_incitsview.cpp; sourceTree = "<group>"; };
		224A58F518D22E8C00E11798 /* be_iris_iso2011view.cpp */ = {isa = PBXFileReference; fileEncoding = 4; lastKnownFileType = sourcecode.cpp.cpp; name = be_iris_iso2011view.cpp; path = ../src/libbiomeval/be_iris_iso2011view.cpp; sourceTree = "<group>"; };
		224A58F818D22EBA00E11798 /* test_be_iris_incitsviews.cpp */ = {isa = PBXFileReference; fileEncoding = 4; lastKnownFileType = sourcecode.cpp.cpp; name = test_be_iris_incitsviews.cpp; path = ../src/test/test_be_iris_incitsviews.cpp; sourceTree = "<group>"; };
		224A58F918D22ED300E11798 /* test_be_face_incitsviews.cpp */ = {isa = PBXFileReference; fileEncoding = 4; lastKnownFileType = sourcecode.cpp.cpp; name = test_be_face_incitsviews.cpp; path = ../src/test/test_be_face_incitsviews.cpp; sourceTree = "<group>"; };
		224A58FA18D22EE200E11798 /* test_be_error.cpp */ = {isa = PBXFileReference; fileEncoding = 4; lastKnownFileType = sourcecode.cpp.cpp; name = test_be_error.cpp; path = ../src/test/test_be_error.cpp; sourceTree = "<group>"; };
		22DE5BEE18EB28E000D460F1 /* be_face.cpp */ = {isa = PBXFileReference; fileEncoding = 4; lastKnownFileType = sourcecode.cpp.cpp; name = be_face.cpp; path = ../src/libbiomeval/be_face.cpp; sourceTree = "<group>"; };
		22DE5BEF18EB291100D460F1 /* be_iris.cpp */ = {isa = PBXFileReference; fileEncoding = 4; lastKnownFileType = sourcecode.cpp.cpp; name = be_iris.cpp; path = ../src/libbiomeval/be_iris.cpp; sourceTree = "<group>"; };
		22DE5BF018EB295000D460F1 /* be_io_syslogsheet.h */ = {isa = PBXFileReference; fileEncoding = 4; lastKnownFileType = sourcecode.c.h; name = be_io_syslogsheet.h; path = ../src/include/be_io_syslogsheet.h; sourceTree = "<group>"; };
		22DE5BF118EB296100D460F1 /* be_io_syslogsheet.cpp */ = {isa = PBXFileReference; fileEncoding = 4; lastKnownFileType = sourcecode.cpp.cpp; name = be_io_syslogsheet.cpp; path = ../src/libbiomeval/be_io_syslogsheet.cpp; sourceTree = "<group>"; };
		22DE5BF418EB29BE00D460F1 /* be_mpi_distributor.cpp */ = {isa = PBXFileReference; fileEncoding = 4; lastKnownFileType = sourcecode.cpp.cpp; name = be_mpi_distributor.cpp; path = ../src/libbiomeval/be_mpi_distributor.cpp; sourceTree = "<group>"; };
		22DE5BF518EB29BE00D460F1 /* be_mpi_receiver.cpp */ = {isa = PBXFileReference; fileEncoding = 4; lastKnownFileType = sourcecode.cpp.cpp; name = be_mpi_receiver.cpp; path = ../src/libbiomeval/be_mpi_receiver.cpp; sourceTree = "<group>"; };
		22DE5BF618EB29BE00D460F1 /* be_mpi_recordprocessor.cpp */ = {isa = PBXFileReference; fileEncoding = 4; lastKnownFileType = sourcecode.cpp.cpp; name = be_mpi_recordprocessor.cpp; path = ../src/libbiomeval/be_mpi_recordprocessor.cpp; sourceTree = "<group>"; };
		22DE5BF718EB29BE00D460F1 /* be_mpi_recordstoredistributor.cpp */ = {isa = PBXFileReference; fileEncoding = 4; lastKnownFileType = sourcecode.cpp.cpp; name = be_mpi_recordstoredistributor.cpp; path = ../src/libbiomeval/be_mpi_recordstoredistributor.cpp; sourceTree = "<group>"; };
		22DE5BF818EB29BE00D460F1 /* be_mpi_recordstoreresources.cpp */ = {isa = PBXFileReference; fileEncoding = 4; lastKnownFileType = sourcecode.cpp.cpp; name = be_mpi_recordstoreresources.cpp; path = ../src/libbiomeval/be_mpi_recordstoreresources.cpp; sourceTree = "<group>"; };
		22DE5BF918EB29BE00D460F1 /* be_mpi_resources.cpp */ = {isa = PBXFileReference; fileEncoding = 4; lastKnownFileType = sourcecode.cpp.cpp; name = be_mpi_resources.cpp; path = ../src/libbiomeval/be_mpi_resources.cpp; sourceTree = "<group>"; };
		22DE5BFA18EB29BE00D460F1 /* be_mpi_runtime.cpp */ = {isa = PBXFileReference; fileEncoding = 4; lastKnownFileType = sourcecode.cpp.cpp; name = be_mpi_runtime.cpp; path = ../src/libbiomeval/be_mpi_runtime.cpp; sourceTree = "<group>"; };
		22DE5BFB18EB29BE00D460F1 /* be_mpi_workpackage.cpp */ = {isa = PBXFileReference; fileEncoding = 4; lastKnownFileType = sourcecode.cpp.cpp; name = be_mpi_workpackage.cpp; path = ../src/libbiomeval/be_mpi_workpackage.cpp; sourceTree = "<group>"; };
		22DE5BFC18EB29BE00D460F1 /* be_mpi_workpackageprocessor.cpp */ = {isa = PBXFileReference; fileEncoding = 4; lastKnownFileType = sourcecode.cpp.cpp; name = be_mpi_workpackageprocessor.cpp; path = ../src/libbiomeval/be_mpi_workpackageprocessor.cpp; sourceTree = "<group>"; };
		22DE5BFD18EB29BE00D460F1 /* be_mpi.cpp */ = {isa = PBXFileReference; fileEncoding = 4; lastKnownFileType = sourcecode.cpp.cpp; name = be_mpi.cpp; path = ../src/libbiomeval/be_mpi.cpp; sourceTree = "<group>"; };
		22DE5BFE18EB29CF00D460F1 /* be_mpi_distributor.h */ = {isa = PBXFileReference; fileEncoding = 4; lastKnownFileType = sourcecode.c.h; name = be_mpi_distributor.h; path = ../src/include/be_mpi_distributor.h; sourceTree = "<group>"; };
		22DE5BFF18EB29CF00D460F1 /* be_mpi_receiver.h */ = {isa = PBXFileReference; fileEncoding = 4; lastKnownFileType = sourcecode.c.h; name = be_mpi_receiver.h; path = ../src/include/be_mpi_receiver.h; sourceTree = "<group>"; };
		22DE5C0018EB29CF00D460F1 /* be_mpi_recordprocessor.h */ = {isa = PBXFileReference; fileEncoding = 4; lastKnownFileType = sourcecode.c.h; name = be_mpi_recordprocessor.h; path = ../src/include/be_mpi_recordprocessor.h; sourceTree = "<group>"; };
		22DE5C0118EB29CF00D460F1 /* be_mpi_recordstoredistributor.h */ = {isa = PBXFileReference; fileEncoding = 4; lastKnownFileType = sourcecode.c.h; name = be_mpi_recordstoredistributor.h; path = ../src/include/be_mpi_recordstoredistributor.h; sourceTree = "<group>"; };
		22DE5C0218EB29CF00D460F1 /* be_mpi_recordstoreresources.h */ = {isa = PBXFileReference; fileEncoding = 4; lastKnownFileType = sourcecode.c.h; name = be_mpi_recordstoreresources.h; path = ../src/include/be_mpi_recordstoreresources.h; sourceTree = "<group>"; };
		22DE5C0318EB29CF00D460F1 /* be_mpi_resources.h */ = {isa = PBXFileReference; fileEncoding = 4; lastKnownFileType = sourcecode.c.h; name = be_mpi_resources.h; path = ../src/include/be_mpi_resources.h; sourceTree = "<group>"; };
		22DE5C0418EB29CF00D460F1 /* be_mpi_runtime.h */ = {isa = PBXFileReference; fileEncoding = 4; lastKnownFileType = sourcecode.c.h; name = be_mpi_runtime.h; path = ../src/include/be_mpi_runtime.h; sourceTree = "<group>"; };
		22DE5C0518EB29CF00D460F1 /* be_mpi_workpackage.h */ = {isa = PBXFileReference; fileEncoding = 4; lastKnownFileType = sourcecode.c.h; name = be_mpi_workpackage.h; path = ../src/include/be_mpi_workpackage.h; sourceTree = "<group>"; };
		22DE5C0618EB29CF00D460F1 /* be_mpi_workpackageprocessor.h */ = {isa = PBXFileReference; fileEncoding = 4; lastKnownFileType = sourcecode.c.h; name = be_mpi_workpackageprocessor.h; path = ../src/include/be_mpi_workpackageprocessor.h; sourceTree = "<group>"; };
		22DE5C0718EB29CF00D460F1 /* be_mpi.h */ = {isa = PBXFileReference; fileEncoding = 4; lastKnownFileType = sourcecode.c.h; name = be_mpi.h; path = ../src/include/be_mpi.h; sourceTree = "<group>"; };
		22DE5C0818EB29E600D460F1 /* be_process_semaphore.h */ = {isa = PBXFileReference; fileEncoding = 4; lastKnownFileType = sourcecode.c.h; name = be_process_semaphore.h; path = ../src/include/be_process_semaphore.h; sourceTree = "<group>"; };
		22DE5C0918EB29F900D460F1 /* be_process_semaphore.cpp */ = {isa = PBXFileReference; fileEncoding = 4; lastKnownFileType = sourcecode.cpp.cpp; name = be_process_semaphore.cpp; path = ../src/libbiomeval/be_process_semaphore.cpp; sourceTree = "<group>"; };
		22DE5C0A18EB2A9100D460F1 /* test_be_io_syslogsheet.cpp */ = {isa = PBXFileReference; fileEncoding = 4; lastKnownFileType = sourcecode.cpp.cpp; name = test_be_io_syslogsheet.cpp; path = ../src/test/test_be_io_syslogsheet.cpp; sourceTree = "<group>"; };
		22DE5C0B18EB2A9100D460F1 /* test_be_process_semaphore.cpp */ = {isa = PBXFileReference; fileEncoding = 4; lastKnownFileType = sourcecode.cpp.cpp; name = test_be_process_semaphore.cpp; path = ../src/test/test_be_process_semaphore.cpp; sourceTree = "<group>"; };
/* End PBXFileReference section */

/* Begin PBXGroup section */
		081BCD281B41CB35009E7190 /* public */ = {
			isa = PBXGroup;
			children = (
				08B8099E1AA9E53900217EE4 /* be_video_container_impl.h */,
				08B809981AA9E52400217EE4 /* be_video_container.h */,
				08B809991AA9E52400217EE4 /* be_video_stream.h */,
				08B8099A1AA9E52400217EE4 /* be_video.h */,
			);
			name = public;
			sourceTree = "<group>";
		};
		081BCD291B41CB3C009E7190 /* private */ = {
			isa = PBXGroup;
			children = (
				081BCD241B41CB26009E7190 /* be_video_impl.h */,
				081BCD261B41CB26009E7190 /* be_video_stream_impl.h */,
			);
			name = private;
			sourceTree = "<group>";
		};
		086A2A541547359C00464DC5 /* test */ = {
			isa = PBXGroup;
			children = (
				086A2A63154735EA00464DC5 /* Makefile */,
				086A2A62154735BB00464DC5 /* Data Interchange */,
				086A2A61154735BA00464DC5 /* Error */,
				224A58F618D22E9600E11798 /* Face */,
				086A2A60154735B900464DC5 /* Feature */,
				086A2A56154735A100464DC5 /* Finger */,
				086A2A57154735A200464DC5 /* Framework */,
				086A2A58154735AE00464DC5 /* Image */,
				086A2A59154735B000464DC5 /* IO */,
				224A58F718D22E9B00E11798 /* Iris */,
				086A2A5A154735B200464DC5 /* Memory */,
				22DE5C0C18EB2AA300D460F1 /* MPI */,
				086A2A5B154735B300464DC5 /* Process */,
				086A2A5C154735B300464DC5 /* System */,
				086A2A5D154735B700464DC5 /* Text */,
				086A2A5F154735B900464DC5 /* Time */,
				08B809A51AA9E73600217EE4 /* Video */,
			);
			name = test;
			sourceTree = "<group>";
		};
		086A2A56154735A100464DC5 /* Finger */ = {
			isa = PBXGroup;
			children = (
				086A2A68154735EA00464DC5 /* test_be_finger_an2kview.cpp */,
				086A2A67154735EA00464DC5 /* test_be_finger_an2kview_varres.cpp */,
				086A2A69154735EA00464DC5 /* test_be_finger_incitsviews.cpp */,
			);
			name = Finger;
			sourceTree = "<group>";
		};
		086A2A57154735A200464DC5 /* Framework */ = {
			isa = PBXGroup;
			children = (
				086A2A6A154735EA00464DC5 /* test_be_framework.cpp */,
				0890143918D9EC2C0079696B /* test_be_framework_enumeration.cpp */,
			);
			name = Framework;
			sourceTree = "<group>";
		};
		086A2A58154735AE00464DC5 /* Image */ = {
			isa = PBXGroup;
			children = (
				086A2A6B154735EA00464DC5 /* test_be_image_image.cpp */,
			);
			name = Image;
			sourceTree = "<group>";
		};
		086A2A59154735B000464DC5 /* IO */ = {
			isa = PBXGroup;
			children = (
				086A2A6C154735EA00464DC5 /* test_be_io_archiverecstore.cpp */,
				081BCD341B41CBA7009E7190 /* test_be_io_filelogcabinet.cpp */,
				086A2A6D154735EA00464DC5 /* test_be_io_filerecstore.cpp */,
				0880D88A17BBDB13009D0EDE /* test_be_io_listrecstore.cpp */,
				086A2A6F154735EA00464DC5 /* test_be_io_properties.cpp */,
				086A2A70154735EA00464DC5 /* test_be_io_propertiesfile.cpp */,
				086A2A71154735EA00464DC5 /* test_be_io_recordstore-stress.cpp */,
				086A2A72154735EA00464DC5 /* test_be_io_recordstore.cpp */,
				22DE5C0A18EB2A9100D460F1 /* test_be_io_syslogsheet.cpp */,
				086A2A73154735EA00464DC5 /* test_be_io_utility.cpp */,
			);
			name = IO;
			sourceTree = "<group>";
		};
		086A2A5A154735B200464DC5 /* Memory */ = {
			isa = PBXGroup;
			children = (
				086A2A74154735EA00464DC5 /* test_be_memory_autoarray.cpp */,
				086A2A75154735EA00464DC5 /* test_be_memory_indexedbuffer.cpp */,
				0880D88B17BBDB13009D0EDE /* test_be_memory_orderedmap.cpp */,
			);
			name = Memory;
			sourceTree = "<group>";
		};
		086A2A5B154735B300464DC5 /* Process */ = {
			isa = PBXGroup;
			children = (
				0890143818D9EC2C0079696B /* be_process_commandcenter_example.cpp */,
				086A2A76154735EA00464DC5 /* test_be_process_manager.cpp */,
				22DE5C0B18EB2A9100D460F1 /* test_be_process_semaphore.cpp */,
				086A2A77154735EA00464DC5 /* test_be_process_statistics.cpp */,
			);
			name = Process;
			sourceTree = "<group>";
		};
		086A2A5C154735B300464DC5 /* System */ = {
			isa = PBXGroup;
			children = (
				086A2A78154735EA00464DC5 /* test_be_system.cpp */,
			);
			name = System;
			sourceTree = "<group>";
		};
		086A2A5D154735B700464DC5 /* Text */ = {
			isa = PBXGroup;
			children = (
				086A2A79154735EA00464DC5 /* test_be_text.cpp */,
			);
			name = Text;
			sourceTree = "<group>";
		};
		086A2A5F154735B900464DC5 /* Time */ = {
			isa = PBXGroup;
			children = (
				086A2A7C154735EA00464DC5 /* test_be_time.cpp */,
				086A2A7A154735EA00464DC5 /* test_be_time_timer.cpp */,
				086A2A7B154735EA00464DC5 /* test_be_time_watchdog.cpp */,
			);
			name = Time;
			sourceTree = "<group>";
		};
		086A2A60154735B900464DC5 /* Feature */ = {
			isa = PBXGroup;
			children = (
				086A2A66154735EA00464DC5 /* test_be_feature_an2kminutiae.cpp */,
			);
			name = Feature;
			sourceTree = "<group>";
		};
		086A2A61154735BA00464DC5 /* Error */ = {
			isa = PBXGroup;
			children = (
				224A58FA18D22EE200E11798 /* test_be_error.cpp */,
				086A2A65154735EA00464DC5 /* test_be_error_signal_manager.cpp */,
			);
			name = Error;
			sourceTree = "<group>";
		};
		086A2A62154735BB00464DC5 /* Data Interchange */ = {
			isa = PBXGroup;
			children = (
				086A2A64154735EA00464DC5 /* test_be_data_interchange_an2k.cpp */,
			);
			name = "Data Interchange";
			sourceTree = "<group>";
		};
		0890142C18D9EB1E0079696B /* Multiprocessing */ = {
			isa = PBXGroup;
			children = (
				08CFC4B41545E14800BA89B2 /* be_process_forkmanager.h */,
				08CFC4B51545E14800BA89B2 /* be_process_manager.h */,
				08CFC4B61545E14800BA89B2 /* be_process_posixthreadmanager.h */,
				08CFC4B81545E14800BA89B2 /* be_process_worker.h */,
				08CFC4B91545E14800BA89B2 /* be_process_workercontroller.h */,
			);
			name = Multiprocessing;
			sourceTree = "<group>";
		};
		0890142D18D9EB250079696B /* Message Center */ = {
			isa = PBXGroup;
			children = (
				0890142418D9EAFB0079696B /* be_process_mclistener.h */,
				0890142518D9EAFB0079696B /* be_process_mcreceiver.h */,
				0890142618D9EAFB0079696B /* be_process_mcutility.h */,
				0890142718D9EAFB0079696B /* be_process_messagecenter.h */,
			);
			name = "Message Center";
			sourceTree = "<group>";
		};
		0890143318D9EBAC0079696B /* Message Center */ = {
			isa = PBXGroup;
			children = (
				0890142F18D9EB9B0079696B /* be_process_mclistener.cpp */,
				0890143018D9EB9B0079696B /* be_process_mcreceiver.cpp */,
				0890143118D9EB9B0079696B /* be_process_mcutility.cpp */,
				0890143218D9EB9B0079696B /* be_process_messagecenter.cpp */,
			);
			name = "Message Center";
			sourceTree = "<group>";
		};
		0890143418D9EBB10079696B /* Multiprocessing */ = {
			isa = PBXGroup;
			children = (
				08CFC4EF1545E1F500BA89B2 /* be_process_forkmanager.cpp */,
				08CFC4F01545E1F500BA89B2 /* be_process_manager.cpp */,
				08CFC4F11545E1F500BA89B2 /* be_process_posixthreadmanager.cpp */,
				08CFC4F31545E1F500BA89B2 /* be_process_worker.cpp */,
				08CFC4F41545E1F500BA89B2 /* be_process_workercontroller.cpp */,
			);
			name = Multiprocessing;
			sourceTree = "<group>";
		};
		0890143518D9EBDA0079696B /* RecordStore */ = {
			isa = PBXGroup;
			children = (
				08CFC4E41545E1F500BA89B2 /* be_io_archiverecstore.cpp */,
				084AB2CF15A1F5D9000DD259 /* be_io_compressedrecstore.cpp */,
				08C0465C156E9E8D00E2A097 /* be_io_compressor.cpp */,
				08CFC4E51545E1F500BA89B2 /* be_io_dbrecstore.cpp */,
				08CFC4E61545E1F500BA89B2 /* be_io_filerecstore.cpp */,
				0880D88917BBDAF8009D0EDE /* be_io_listrecstore.cpp */,
				08CFC4EB1545E1F500BA89B2 /* be_io_recordstore.cpp */,
				0890142E18D9EB9B0079696B /* be_io_recordstoreiterator.cpp */,
				08CFC4EC1545E1F500BA89B2 /* be_io_sqliterecstore.cpp */,
			);
			name = RecordStore;
			sourceTree = "<group>";
		};
		0890143718D9EC030079696B /* RecordStore */ = {
			isa = PBXGroup;
			children = (
				08CFC4A51545E14800BA89B2 /* be_io_archiverecstore.h */,
				084AB2CD15A1F540000DD259 /* be_io_compressedrecstore.h */,
				08CFC4A61545E14800BA89B2 /* be_io_dbrecstore.h */,
				08CFC4A71545E14800BA89B2 /* be_io_filerecstore.h */,
				0880D88717BBDAC1009D0EDE /* be_io_listrecstore.h */,
				08CFC4AC1545E14800BA89B2 /* be_io_recordstore.h */,
				0890142918D9EB0B0079696B /* be_io_recordstoreiterator.h */,
				08CFC4AD1545E14800BA89B2 /* be_io_sqliterecstore.h */,
			);
			name = RecordStore;
			sourceTree = "<group>";
		};
		08B809A01AA9E68100217EE4 /* Video */ = {
			isa = PBXGroup;
			children = (
				081BCD291B41CB3C009E7190 /* private */,
				081BCD281B41CB35009E7190 /* public */,
			);
			name = Video;
			sourceTree = "<group>";
		};
		08B809A11AA9E69800217EE4 /* Video */ = {
			isa = PBXGroup;
			children = (
				08B8099D1AA9E53900217EE4 /* be_video_container_impl.cpp */,
				08B8099F1AA9E53900217EE4 /* be_video_container.cpp */,
				081BCD231B41CB26009E7190 /* be_video_impl.cpp */,
				081BCD251B41CB26009E7190 /* be_video_stream_impl.cpp */,
				081BCD271B41CB26009E7190 /* be_video_stream.cpp */,
			);
			name = Video;
			sourceTree = "<group>";
		};
		08B809A51AA9E73600217EE4 /* Video */ = {
			isa = PBXGroup;
			children = (
				08B809A41AA9E73100217EE4 /* test_be_video.cpp */,
			);
			name = Video;
			sourceTree = "<group>";
		};
		08CFC4561545DF2A00BA89B2 = {
			isa = PBXGroup;
			children = (
				08CFC4C41545E14D00BA89B2 /* include */,
				08CFC4C61545E1D600BA89B2 /* implementation */,
				086A2A541547359C00464DC5 /* test */,
			);
			indentWidth = 8;
			sourceTree = "<group>";
		};
		08CFC4C41545E14D00BA89B2 /* include */ = {
			isa = PBXGroup;
			children = (
				08CFC5061545E22700BA89B2 /* Data Interchange */,
				08CFC5091545E22A00BA89B2 /* Error */,
				224A58E618D22D7F00E11798 /* Face */,
				08CFC50C1545E3FA00BA89B2 /* Feature */,
				08CFC4FF1545E20700BA89B2 /* Finger */,
				08CFC4FE1545E20400BA89B2 /* Framework */,
				08CFC5081545E22900BA89B2 /* Image */,
				08CFC5071545E22800BA89B2 /* IO */,
				224A58E918D22DC800E11798 /* Iris */,
				08CFC50B1545E3E100BA89B2 /* Memory */,
				22DE5BF218EB298700D460F1 /* MPI */,
				08CFC5051545E22600BA89B2 /* Process */,
				08CFC50E1545E41C00BA89B2 /* System */,
				08CFC5031545E22300BA89B2 /* Text */,
				08CFC50A1545E3CA00BA89B2 /* Time */,
				08B809A01AA9E68100217EE4 /* Video */,
				08CFC5041545E22500BA89B2 /* View */,
			);
			name = include;
			sourceTree = "<group>";
		};
		08CFC4C61545E1D600BA89B2 /* implementation */ = {
			isa = PBXGroup;
			children = (
				08CFC4FD1545E1F500BA89B2 /* Makefile */,
				08CFC51B1545E44200BA89B2 /* Data Interchange */,
				08CFC51A1545E44200BA89B2 /* Error */,
				224A58E718D22DB100E11798 /* Face */,
				08CFC5191545E44100BA89B2 /* Feature */,
				08CFC51C1545E48F00BA89B2 /* Finger */,
				08CFC5181545E44000BA89B2 /* Framework */,
				08CFC5171545E44000BA89B2 /* Image */,
				08CFC5161545E43F00BA89B2 /* IO */,
				224A58E818D22DB700E11798 /* Iris */,
				08CFC5151545E43E00BA89B2 /* Memory */,
				22DE5BF318EB29A100D460F1 /* MPI */,
				08CFC5141545E43E00BA89B2 /* Process */,
				08CFC5131545E43D00BA89B2 /* System */,
				08CFC5121545E43C00BA89B2 /* Text */,
				08CFC5111545E43A00BA89B2 /* Time */,
				08B809A11AA9E69800217EE4 /* Video */,
				08CFC5101545E43700BA89B2 /* View */,
			);
			name = implementation;
			sourceTree = "<group>";
		};
		08CFC4FE1545E20400BA89B2 /* Framework */ = {
			isa = PBXGroup;
			children = (
				08CFC49B1545E14800BA89B2 /* be_framework.h */,
				0890142818D9EB0B0079696B /* be_framework_enumeration.h */,
			);
			name = Framework;
			sourceTree = "<group>";
		};
		08CFC4FF1545E20700BA89B2 /* Finger */ = {
			isa = PBXGroup;
			children = (
				08CFC49A1545E14800BA89B2 /* be_finger.h */,
				08CFC4901545E14800BA89B2 /* be_finger_an2kminutiae_data_record.h */,
				08CFC4951545E14800BA89B2 /* be_finger_an2kview.h */,
				08CFC4911545E14800BA89B2 /* be_finger_an2kview_capture.h */,
				08CFC4921545E14800BA89B2 /* be_finger_an2kview_fixedres.h */,
				08CFC4931545E14800BA89B2 /* be_finger_an2kview_latent.h */,
				08CFC4941545E14800BA89B2 /* be_finger_an2kview_varres.h */,
				08CFC4961545E14800BA89B2 /* be_finger_ansi2004view.h */,
				08CFC4971545E14800BA89B2 /* be_finger_ansi2007view.h */,
				08CFC4981545E14800BA89B2 /* be_finger_incitsview.h */,
				08CFC4991545E14800BA89B2 /* be_finger_iso2005view.h */,
			);
			name = Finger;
			sourceTree = "<group>";
		};
		08CFC5031545E22300BA89B2 /* Text */ = {
			isa = PBXGroup;
			children = (
				08CFC4BC1545E14800BA89B2 /* be_text.h */,
			);
			name = Text;
			sourceTree = "<group>";
		};
		08CFC5041545E22500BA89B2 /* View */ = {
			isa = PBXGroup;
			children = (
				08CFC4C31545E14800BA89B2 /* be_view.h */,
				08CFC4C11545E14800BA89B2 /* be_view_an2kview.h */,
				08CFC4C01545E14800BA89B2 /* be_view_an2kview_varres.h */,
				08CFC4C21545E14800BA89B2 /* be_view_view.h */,
			);
			name = View;
			sourceTree = "<group>";
		};
		08CFC5051545E22600BA89B2 /* Process */ = {
			isa = PBXGroup;
			children = (
				08CFC4BA1545E14800BA89B2 /* be_process.h */,
				0890142318D9EAFB0079696B /* be_process_commandcenter.h */,
				22DE5C0818EB29E600D460F1 /* be_process_semaphore.h */,
				08CFC4B71545E14800BA89B2 /* be_process_statistics.h */,
				0890142D18D9EB250079696B /* Message Center */,
				0890142C18D9EB1E0079696B /* Multiprocessing */,
			);
			name = Process;
			sourceTree = "<group>";
		};
		08CFC5061545E22700BA89B2 /* Data Interchange */ = {
			isa = PBXGroup;
			children = (
				08CFC4891545E14800BA89B2 /* be_data_interchange_an2k.h */,
				081BCD1B1B41CAD9009E7190 /* be_data_interchange_ansi2004.h */,
			);
			name = "Data Interchange";
			sourceTree = "<group>";
		};
		08CFC5071545E22800BA89B2 /* IO */ = {
			isa = PBXGroup;
			children = (
				08C0465B156E9E5A00E2A097 /* be_io_compressor.h */,
				08B809961AA9E52400217EE4 /* be_io_filelogcabinet.h */,
				08B809971AA9E52400217EE4 /* be_io_filelogsheet.h */,
				08C0465A156E9E4B00E2A097 /* be_io_gzip.h */,
				08CFC4A91545E14800BA89B2 /* be_io_logsheet.h */,
				08CFC4AA1545E14800BA89B2 /* be_io_properties.h */,
				08CFC4AB1545E14800BA89B2 /* be_io_propertiesfile.h */,
				22DE5BF018EB295000D460F1 /* be_io_syslogsheet.h */,
				08CFC4AE1545E14800BA89B2 /* be_io_utility.h */,
				08CFC4AF1545E14800BA89B2 /* be_io.h */,
				0890143718D9EC030079696B /* RecordStore */,
			);
			name = IO;
			sourceTree = "<group>";
		};
		08CFC5081545E22900BA89B2 /* Image */ = {
			isa = PBXGroup;
			children = (
				08CFC4A41545E14800BA89B2 /* be_image.h */,
				08A64F2818EC9DC500ED9120 /* be_image_bmp.h */,
				08CFC49C1545E14800BA89B2 /* be_image_image.h */,
				08CFC49D1545E14800BA89B2 /* be_image_jpeg.h */,
				08CFC49E1545E14800BA89B2 /* be_image_jpeg2000.h */,
				08CFC49F1545E14800BA89B2 /* be_image_jpegl.h */,
				08CFC4A01545E14800BA89B2 /* be_image_netpbm.h */,
				08CFC4A11545E14800BA89B2 /* be_image_png.h */,
				08CFC4A21545E14800BA89B2 /* be_image_raw.h */,
				08CFC4A31545E14800BA89B2 /* be_image_wsq.h */,
			);
			name = Image;
			sourceTree = "<group>";
		};
		08CFC5091545E22A00BA89B2 /* Error */ = {
			isa = PBXGroup;
			children = (
				08CFC48C1545E14800BA89B2 /* be_error.h */,
				08CFC48A1545E14800BA89B2 /* be_error_exception.h */,
				08CFC48B1545E14800BA89B2 /* be_error_signal_manager.h */,
			);
			name = Error;
			sourceTree = "<group>";
		};
		08CFC50A1545E3CA00BA89B2 /* Time */ = {
			isa = PBXGroup;
			children = (
				08CFC4BF1545E14800BA89B2 /* be_time.h */,
				08CFC4BD1545E14800BA89B2 /* be_time_timer.h */,
				08CFC4BE1545E14800BA89B2 /* be_time_watchdog.h */,
			);
			name = Time;
			sourceTree = "<group>";
		};
		08CFC50B1545E3E100BA89B2 /* Memory */ = {
			isa = PBXGroup;
			children = (
				08CFC4B31545E14800BA89B2 /* be_memory.h */,
				08CFC4B01545E14800BA89B2 /* be_memory_autoarray.h */,
				0890142A18D9EB0B0079696B /* be_memory_autoarrayiterator.h */,
				0890142B18D9EB0B0079696B /* be_memory_autoarrayutility.h */,
				08CFC4B11545E14800BA89B2 /* be_memory_autobuffer.h */,
				08CFC4B21545E14800BA89B2 /* be_memory_indexedbuffer.h */,
				08E78F3C193CC0CF0005F0A0 /* be_memory_mutableindexedbuffer.h */,
				0880D88817BBDAC1009D0EDE /* be_memory_orderedmap.h */,
			);
			name = Memory;
			sourceTree = "<group>";
		};
		08CFC50C1545E3FA00BA89B2 /* Feature */ = {
			isa = PBXGroup;
			children = (
				08CFC48D1545E14800BA89B2 /* be_feature_an2k7minutiae.h */,
				08CFC48E1545E14800BA89B2 /* be_feature_incitsminutiae.h */,
				08CFC48F1545E14800BA89B2 /* be_feature_minutiae.h */,
				224A58ED18D22E2B00E11798 /* be_feature_mpegfacepoint.h */,
			);
			name = Feature;
			sourceTree = "<group>";
		};
		08CFC50E1545E41C00BA89B2 /* System */ = {
			isa = PBXGroup;
			children = (
				08CFC4BB1545E14800BA89B2 /* be_system.h */,
			);
			name = System;
			sourceTree = "<group>";
		};
		08CFC5101545E43700BA89B2 /* View */ = {
			isa = PBXGroup;
			children = (
				08CFC4FB1545E1F500BA89B2 /* be_view_an2kview.cpp */,
				08CFC4FA1545E1F500BA89B2 /* be_view_an2kview_varres.cpp */,
				08CFC4FC1545E1F500BA89B2 /* be_view_view.cpp */,
			);
			name = View;
			sourceTree = "<group>";
		};
		08CFC5111545E43A00BA89B2 /* Time */ = {
			isa = PBXGroup;
			children = (
				08CFC4F91545E1F500BA89B2 /* be_time.cpp */,
				08CFC4F71545E1F500BA89B2 /* be_time_timer.cpp */,
				08CFC4F81545E1F500BA89B2 /* be_time_watchdog.cpp */,
			);
			name = Time;
			sourceTree = "<group>";
		};
		08CFC5121545E43C00BA89B2 /* Text */ = {
			isa = PBXGroup;
			children = (
				08CFC4F61545E1F500BA89B2 /* be_text.cpp */,
			);
			name = Text;
			sourceTree = "<group>";
		};
		08CFC5131545E43D00BA89B2 /* System */ = {
			isa = PBXGroup;
			children = (
				08CFC4F51545E1F500BA89B2 /* be_system.cpp */,
			);
			name = System;
			sourceTree = "<group>";
		};
		08CFC5141545E43E00BA89B2 /* Process */ = {
			isa = PBXGroup;
			children = (
				22DE5C0918EB29F900D460F1 /* be_process_semaphore.cpp */,
				08CFC4F21545E1F500BA89B2 /* be_process_statistics.cpp */,
				0890143318D9EBAC0079696B /* Message Center */,
				0890143418D9EBB10079696B /* Multiprocessing */,
			);
			name = Process;
			sourceTree = "<group>";
		};
		08CFC5151545E43E00BA89B2 /* Memory */ = {
			isa = PBXGroup;
			children = (
				08CFC4EE1545E1F500BA89B2 /* be_memory_indexedbuffer.cpp */,
				08E78F3D193CC0EA0005F0A0 /* be_memory_mutableindexedbuffer.cpp */,
			);
			name = Memory;
			sourceTree = "<group>";
		};
		08CFC5161545E43F00BA89B2 /* IO */ = {
			isa = PBXGroup;
			children = (
				08B8099B1AA9E53900217EE4 /* be_io_filelogcabinet.cpp */,
				08B8099C1AA9E53900217EE4 /* be_io_filelogsheet.cpp */,
				08C0465D156E9E8D00E2A097 /* be_io_gzip.cpp */,
				08CFC4E81545E1F500BA89B2 /* be_io_logsheet.cpp */,
				08CFC4E91545E1F500BA89B2 /* be_io_properties.cpp */,
				08CFC4EA1545E1F500BA89B2 /* be_io_propertiesfile.cpp */,
				22DE5BF118EB296100D460F1 /* be_io_syslogsheet.cpp */,
				08CFC4ED1545E1F500BA89B2 /* be_io_utility.cpp */,
				0890143518D9EBDA0079696B /* RecordStore */,
			);
			name = IO;
			sourceTree = "<group>";
		};
		08CFC5171545E44000BA89B2 /* Image */ = {
			isa = PBXGroup;
			children = (
				08CFC4E31545E1F500BA89B2 /* be_image.cpp */,
				08A64F2718EC9DC500ED9120 /* be_image_bmp.cpp */,
				08CFC4DA1545E1F500BA89B2 /* be_image_image.cpp */,
				08CFC4DB1545E1F500BA89B2 /* be_image_jpeg.cpp */,
				08CFC4DC1545E1F500BA89B2 /* be_image_jpeg2000.cpp */,
				08CFC4DD1545E1F500BA89B2 /* be_image_jpegl.cpp */,
				08CFC4DE1545E1F500BA89B2 /* be_image_netpbm.cpp */,
				08CFC4DF1545E1F500BA89B2 /* be_image_png.cpp */,
				08CFC4E01545E1F500BA89B2 /* be_image_raw.cpp */,
				08CFC4E21545E1F500BA89B2 /* be_image_wsq.cpp */,
			);
			name = Image;
			sourceTree = "<group>";
		};
		08CFC5181545E44000BA89B2 /* Framework */ = {
			isa = PBXGroup;
			children = (
				08CFC4D91545E1F500BA89B2 /* be_framework.cpp */,
			);
			name = Framework;
			sourceTree = "<group>";
		};
		08CFC5191545E44100BA89B2 /* Feature */ = {
			isa = PBXGroup;
			children = (
				08CFC4CB1545E1F500BA89B2 /* be_feature_an2k7minutiae.cpp */,
				08CFC4CC1545E1F500BA89B2 /* be_feature_incitsminutiae.cpp */,
				08CFC4CD1545E1F500BA89B2 /* be_feature_minutiae.cpp */,
			);
			name = Feature;
			sourceTree = "<group>";
		};
		08CFC51A1545E44200BA89B2 /* Error */ = {
			isa = PBXGroup;
			children = (
				08CFC4CA1545E1F500BA89B2 /* be_error.cpp */,
				08CFC4C81545E1F500BA89B2 /* be_error_exception.cpp */,
				08CFC4C91545E1F500BA89B2 /* be_error_signal_manager.cpp */,
			);
			name = Error;
			sourceTree = "<group>";
		};
		08CFC51B1545E44200BA89B2 /* Data Interchange */ = {
			isa = PBXGroup;
			children = (
				081BCD1F1B41CB26009E7190 /* be_data_interchange_ansi2004.cpp */,
				08CFC4C71545E1F500BA89B2 /* be_data_interchange_an2k.cpp */,
			);
			name = "Data Interchange";
			sourceTree = "<group>";
		};
		08CFC51C1545E48F00BA89B2 /* Finger */ = {
			isa = PBXGroup;
			children = (
				08CFC4D81545E1F500BA89B2 /* be_finger.cpp */,
				08CFC4CE1545E1F500BA89B2 /* be_finger_an2kminutiae_data_record.cpp */,
				08CFC4D31545E1F500BA89B2 /* be_finger_an2kview.cpp */,
				08CFC4CF1545E1F500BA89B2 /* be_finger_an2kview_capture.cpp */,
				08CFC4D01545E1F500BA89B2 /* be_finger_an2kview_fixedres.cpp */,
				08CFC4D11545E1F500BA89B2 /* be_finger_an2kview_latent.cpp */,
				08CFC4D21545E1F500BA89B2 /* be_finger_an2kview_varres.cpp */,
				08CFC4D41545E1F500BA89B2 /* be_finger_ansi2004view.cpp */,
				08CFC4D51545E1F500BA89B2 /* be_finger_ansi2007view.cpp */,
				08CFC4D61545E1F500BA89B2 /* be_finger_incitsview.cpp */,
				08CFC4D71545E1F500BA89B2 /* be_finger_iso2005view.cpp */,
			);
			name = Finger;
			sourceTree = "<group>";
		};
		224A58E618D22D7F00E11798 /* Face */ = {
			isa = PBXGroup;
			children = (
				224A58EC18D22E1F00E11798 /* be_face.h */,
				224A58EA18D22E1F00E11798 /* be_face_incitsview.h */,
				224A58EB18D22E1F00E11798 /* be_face_iso2005view.h */,
			);
			name = Face;
			sourceTree = "<group>";
		};
		224A58E718D22DB100E11798 /* Face */ = {
			isa = PBXGroup;
			children = (
				22DE5BEE18EB28E000D460F1 /* be_face.cpp */,
				224A58F218D22E7B00E11798 /* be_face_incitsview.cpp */,
				224A58F318D22E7B00E11798 /* be_face_iso2005view.cpp */,
			);
			name = Face;
			sourceTree = "<group>";
		};
		224A58E818D22DB700E11798 /* Iris */ = {
			isa = PBXGroup;
			children = (
				22DE5BEF18EB291100D460F1 /* be_iris.cpp */,
				224A58F418D22E8C00E11798 /* be_iris_incitsview.cpp */,
				224A58F518D22E8C00E11798 /* be_iris_iso2011view.cpp */,
			);
			name = Iris;
			sourceTree = "<group>";
		};
		224A58E918D22DC800E11798 /* Iris */ = {
			isa = PBXGroup;
			children = (
				224A58EF18D22E4F00E11798 /* be_iris_incitsview.h */,
				224A58F018D22E4F00E11798 /* be_iris_iso2011view.h */,
				224A58F118D22E4F00E11798 /* be_iris.h */,
			);
			name = Iris;
			sourceTree = "<group>";
		};
		224A58F618D22E9600E11798 /* Face */ = {
			isa = PBXGroup;
			children = (
				224A58F918D22ED300E11798 /* test_be_face_incitsviews.cpp */,
			);
			name = Face;
			sourceTree = "<group>";
		};
		224A58F718D22E9B00E11798 /* Iris */ = {
			isa = PBXGroup;
			children = (
				224A58F818D22EBA00E11798 /* test_be_iris_incitsviews.cpp */,
			);
			name = Iris;
			sourceTree = "<group>";
		};
		22DE5BF218EB298700D460F1 /* MPI */ = {
			isa = PBXGroup;
			children = (
				081BCD1C1B41CAD9009E7190 /* be_mpi_csvdistributor.h */,
				081BCD1D1B41CAD9009E7190 /* be_mpi_csvprocessor.h */,
				081BCD1E1B41CAD9009E7190 /* be_mpi_csvresources.h */,
				22DE5BFE18EB29CF00D460F1 /* be_mpi_distributor.h */,
				22DE5BFF18EB29CF00D460F1 /* be_mpi_receiver.h */,
				22DE5C0018EB29CF00D460F1 /* be_mpi_recordprocessor.h */,
				22DE5C0118EB29CF00D460F1 /* be_mpi_recordstoredistributor.h */,
				22DE5C0218EB29CF00D460F1 /* be_mpi_recordstoreresources.h */,
				22DE5C0318EB29CF00D460F1 /* be_mpi_resources.h */,
				22DE5C0418EB29CF00D460F1 /* be_mpi_runtime.h */,
				22DE5C0518EB29CF00D460F1 /* be_mpi_workpackage.h */,
				22DE5C0618EB29CF00D460F1 /* be_mpi_workpackageprocessor.h */,
				22DE5C0718EB29CF00D460F1 /* be_mpi.h */,
			);
			name = MPI;
			sourceTree = "<group>";
		};
		22DE5BF318EB29A100D460F1 /* MPI */ = {
			isa = PBXGroup;
			children = (
				081BCD201B41CB26009E7190 /* be_mpi_csvdistributor.cpp */,
				081BCD211B41CB26009E7190 /* be_mpi_csvprocessor.cpp */,
				081BCD221B41CB26009E7190 /* be_mpi_csvresources.cpp */,
				22DE5BF418EB29BE00D460F1 /* be_mpi_distributor.cpp */,
				22DE5BF518EB29BE00D460F1 /* be_mpi_receiver.cpp */,
				22DE5BF618EB29BE00D460F1 /* be_mpi_recordprocessor.cpp */,
				22DE5BF718EB29BE00D460F1 /* be_mpi_recordstoredistributor.cpp */,
				22DE5BF818EB29BE00D460F1 /* be_mpi_recordstoreresources.cpp */,
				22DE5BF918EB29BE00D460F1 /* be_mpi_resources.cpp */,
				22DE5BFA18EB29BE00D460F1 /* be_mpi_runtime.cpp */,
				22DE5BFB18EB29BE00D460F1 /* be_mpi_workpackage.cpp */,
				22DE5BFC18EB29BE00D460F1 /* be_mpi_workpackageprocessor.cpp */,
				22DE5BFD18EB29BE00D460F1 /* be_mpi.cpp */,
			);
			name = MPI;
			sourceTree = "<group>";
		};
		22DE5C0C18EB2AA300D460F1 /* MPI */ = {
			isa = PBXGroup;
			children = (
				081BCD2E1B41CBA7009E7190 /* mpitest_csv.sh */,
				081BCD2F1B41CBA7009E7190 /* mpitest_rs.sh */,
				081BCD321B41CBA7009E7190 /* test_be_csv_mpi.cpp */,
				081BCD331B41CBA7009E7190 /* test_be_csv_mpi.h */,
				081BCD371B41CBA7009E7190 /* test_be_rs_mpi.cpp */,
				081BCD381B41CBA7009E7190 /* test_be_rs_mpi.h */,
			);
			name = MPI;
			sourceTree = "<group>";
		};
/* End PBXGroup section */

/* Begin PBXLegacyTarget section */
		08CFC45D1545DF2B00BA89B2 /* libbiomeval */ = {
			isa = PBXLegacyTarget;
			buildArgumentsString = "$(ACTION) $(MAKE_VARS)";
			buildConfigurationList = 08CFC4601545DF2B00BA89B2 /* Build configuration list for PBXLegacyTarget "libbiomeval" */;
			buildPhases = (
			);
			buildToolPath = /usr/bin/make;
			buildWorkingDirectory = ../src/libbiomeval;
			dependencies = (
			);
			name = libbiomeval;
			passBuildSettingsInEnvironment = 1;
			productName = EVALUATION;
		};
		08CFC4721545DFCF00BA89B2 /* libbiomeval Tests */ = {
			isa = PBXLegacyTarget;
			buildArgumentsString = "$(ACTION) $(MAKE_VARS)";
			buildConfigurationList = 08CFC4731545DFCF00BA89B2 /* Build configuration list for PBXLegacyTarget "libbiomeval Tests" */;
			buildPhases = (
			);
			buildToolPath = /usr/bin/make;
			buildWorkingDirectory = ../src/test;
			dependencies = (
				08CFC4771545E00300BA89B2 /* PBXTargetDependency */,
			);
			name = "libbiomeval Tests";
			passBuildSettingsInEnvironment = 1;
			productName = "libbiomeval Tests";
		};
/* End PBXLegacyTarget section */

/* Begin PBXProject section */
		08CFC4581545DF2A00BA89B2 /* Project object */ = {
			isa = PBXProject;
			attributes = {
				LastUpgradeCheck = 0620;
			};
			buildConfigurationList = 08CFC45B1545DF2A00BA89B2 /* Build configuration list for PBXProject "common" */;
			compatibilityVersion = "Xcode 3.2";
			developmentRegion = English;
			hasScannedForEncodings = 0;
			knownRegions = (
				en,
			);
			mainGroup = 08CFC4561545DF2A00BA89B2;
			productRefGroup = 08CFC4561545DF2A00BA89B2;
			projectDirPath = "";
			projectRoot = "";
			targets = (
				08CFC45D1545DF2B00BA89B2 /* libbiomeval */,
				08CFC4721545DFCF00BA89B2 /* libbiomeval Tests */,
			);
		};
/* End PBXProject section */

/* Begin PBXTargetDependency section */
		08CFC4771545E00300BA89B2 /* PBXTargetDependency */ = {
			isa = PBXTargetDependency;
			target = 08CFC45D1545DF2B00BA89B2 /* libbiomeval */;
			targetProxy = 08CFC4761545E00300BA89B2 /* PBXContainerItemProxy */;
		};
/* End PBXTargetDependency section */

/* Begin XCBuildConfiguration section */
		08CFC45E1545DF2B00BA89B2 /* Debug */ = {
			isa = XCBuildConfiguration;
			buildSettings = {
				CXX = "clang++";
				DEBUG = 1;
				EXTRA_CFLAGS = "";
				EXTRA_CXXFLAGS = "";
				EXTRA_LDFLAGS = "";
				MAKE_VARS = "CXX=\"$(CXX)\" MPICXX=\"$(MPICXX)\" DEBUG=$(DEBUG) -j 4 EXTRA_CFLAGS=\"$(EXTRA_CFLAGS)\" EXTRA_CXXFLAGS=\"$(EXTRA_CXXFLAGS)\" EXTRA_LDFLAGS=\"$(EXTRA_LDFLAGS)\"";
				MPICXX = mpicxx;
				PATH = "$(PATH):/opt/local/bin";
			};
			name = Debug;
		};
		08CFC45F1545DF2B00BA89B2 /* Release */ = {
			isa = XCBuildConfiguration;
			buildSettings = {
				CXX = "clang++";
				DEBUG = 0;
				EXTRA_CFLAGS = "";
				EXTRA_CXXFLAGS = "";
				EXTRA_LDFLAGS = "";
				MAKE_VARS = "CXX=\"$(CXX)\" MPICXX=\"$(MPICXX)\" DEBUG=$(DEBUG) -j 4 EXTRA_CFLAGS=\"$(EXTRA_CFLAGS)\" EXTRA_CXXFLAGS=\"$(EXTRA_CXXFLAGS)\" EXTRA_LDFLAGS=\"$(EXTRA_LDFLAGS)\"";
				MPICXX = mpicxx;
				PATH = "$(PATH):/opt/local/bin";
			};
			name = Release;
		};
		08CFC4611545DF2B00BA89B2 /* Debug */ = {
			isa = XCBuildConfiguration;
			buildSettings = {
			};
			name = Debug;
		};
		08CFC4621545DF2B00BA89B2 /* Release */ = {
			isa = XCBuildConfiguration;
			buildSettings = {
			};
			name = Release;
		};
		08CFC4741545DFCF00BA89B2 /* Debug */ = {
			isa = XCBuildConfiguration;
			buildSettings = {
			};
			name = Debug;
		};
		08CFC4751545DFCF00BA89B2 /* Release */ = {
			isa = XCBuildConfiguration;
			buildSettings = {
			};
			name = Release;
		};
/* End XCBuildConfiguration section */

/* Begin XCConfigurationList section */
		08CFC45B1545DF2A00BA89B2 /* Build configuration list for PBXProject "common" */ = {
			isa = XCConfigurationList;
			buildConfigurations = (
				08CFC45E1545DF2B00BA89B2 /* Debug */,
				08CFC45F1545DF2B00BA89B2 /* Release */,
			);
			defaultConfigurationIsVisible = 0;
			defaultConfigurationName = Release;
		};
		08CFC4601545DF2B00BA89B2 /* Build configuration list for PBXLegacyTarget "libbiomeval" */ = {
			isa = XCConfigurationList;
			buildConfigurations = (
				08CFC4611545DF2B00BA89B2 /* Debug */,
				08CFC4621545DF2B00BA89B2 /* Release */,
			);
			defaultConfigurationIsVisible = 0;
			defaultConfigurationName = Release;
		};
		08CFC4731545DFCF00BA89B2 /* Build configuration list for PBXLegacyTarget "libbiomeval Tests" */ = {
			isa = XCConfigurationList;
			buildConfigurations = (
				08CFC4741545DFCF00BA89B2 /* Debug */,
				08CFC4751545DFCF00BA89B2 /* Release */,
			);
			defaultConfigurationIsVisible = 0;
			defaultConfigurationName = Release;
		};
/* End XCConfigurationList section */
	};
	rootObject = 08CFC4581545DF2A00BA89B2 /* Project object */;
}
